// !$*UTF8*$!
{
	archiveVersion = 1;
	classes = {
	};
	objectVersion = 56;
	objects = {

/* Begin PBXBuildFile section */
		6D62FE802901482D0036DE0F /* AppDelegate.swift in Sources */ = {isa = PBXBuildFile; fileRef = 6D62FE7F2901482D0036DE0F /* AppDelegate.swift */; };
		6D62FE822901482D0036DE0F /* SceneDelegate.swift in Sources */ = {isa = PBXBuildFile; fileRef = 6D62FE812901482D0036DE0F /* SceneDelegate.swift */; };
		6D62FE842901482D0036DE0F /* ViewController.swift in Sources */ = {isa = PBXBuildFile; fileRef = 6D62FE832901482D0036DE0F /* ViewController.swift */; };
		6D62FE872901482D0036DE0F /* Main.storyboard in Resources */ = {isa = PBXBuildFile; fileRef = 6D62FE852901482D0036DE0F /* Main.storyboard */; };
		6D62FE892901482F0036DE0F /* Assets.xcassets in Resources */ = {isa = PBXBuildFile; fileRef = 6D62FE882901482F0036DE0F /* Assets.xcassets */; };
		6D62FE8C2901482F0036DE0F /* LaunchScreen.storyboard in Resources */ = {isa = PBXBuildFile; fileRef = 6D62FE8A2901482F0036DE0F /* LaunchScreen.storyboard */; };
		6D62FE972901482F0036DE0F /* LZStructureTests.swift in Sources */ = {isa = PBXBuildFile; fileRef = 6D62FE962901482F0036DE0F /* LZStructureTests.swift */; };
		6D62FEA12901482F0036DE0F /* LZStructureUITests.swift in Sources */ = {isa = PBXBuildFile; fileRef = 6D62FEA02901482F0036DE0F /* LZStructureUITests.swift */; };
		6D62FEA32901482F0036DE0F /* LZStructureUITestsLaunchTests.swift in Sources */ = {isa = PBXBuildFile; fileRef = 6D62FEA22901482F0036DE0F /* LZStructureUITestsLaunchTests.swift */; };
/* End PBXBuildFile section */

/* Begin PBXContainerItemProxy section */
		6D62FE932901482F0036DE0F /* PBXContainerItemProxy */ = {
			isa = PBXContainerItemProxy;
			containerPortal = 6D62FE742901482C0036DE0F /* Project object */;
			proxyType = 1;
			remoteGlobalIDString = 6D62FE7B2901482D0036DE0F;
			remoteInfo = LZStructure;
		};
		6D62FE9D2901482F0036DE0F /* PBXContainerItemProxy */ = {
			isa = PBXContainerItemProxy;
			containerPortal = 6D62FE742901482C0036DE0F /* Project object */;
			proxyType = 1;
			remoteGlobalIDString = 6D62FE7B2901482D0036DE0F;
			remoteInfo = LZStructure;
		};
/* End PBXContainerItemProxy section */

/* Begin PBXFileReference section */
		6D62FE7C2901482D0036DE0F /* LZStructure.app */ = {isa = PBXFileReference; explicitFileType = wrapper.application; includeInIndex = 0; path = LZStructure.app; sourceTree = BUILT_PRODUCTS_DIR; };
		6D62FE7F2901482D0036DE0F /* AppDelegate.swift */ = {isa = PBXFileReference; lastKnownFileType = sourcecode.swift; path = AppDelegate.swift; sourceTree = "<group>"; };
		6D62FE812901482D0036DE0F /* SceneDelegate.swift */ = {isa = PBXFileReference; lastKnownFileType = sourcecode.swift; path = SceneDelegate.swift; sourceTree = "<group>"; };
		6D62FE832901482D0036DE0F /* ViewController.swift */ = {isa = PBXFileReference; lastKnownFileType = sourcecode.swift; path = ViewController.swift; sourceTree = "<group>"; };
		6D62FE862901482D0036DE0F /* Base */ = {isa = PBXFileReference; lastKnownFileType = file.storyboard; name = Base; path = Base.lproj/Main.storyboard; sourceTree = "<group>"; };
		6D62FE882901482F0036DE0F /* Assets.xcassets */ = {isa = PBXFileReference; lastKnownFileType = folder.assetcatalog; path = Assets.xcassets; sourceTree = "<group>"; };
		6D62FE8B2901482F0036DE0F /* Base */ = {isa = PBXFileReference; lastKnownFileType = file.storyboard; name = Base; path = Base.lproj/LaunchScreen.storyboard; sourceTree = "<group>"; };
		6D62FE8D2901482F0036DE0F /* Info.plist */ = {isa = PBXFileReference; lastKnownFileType = text.plist.xml; path = Info.plist; sourceTree = "<group>"; };
		6D62FE922901482F0036DE0F /* LZStructureTests.xctest */ = {isa = PBXFileReference; explicitFileType = wrapper.cfbundle; includeInIndex = 0; path = LZStructureTests.xctest; sourceTree = BUILT_PRODUCTS_DIR; };
		6D62FE962901482F0036DE0F /* LZStructureTests.swift */ = {isa = PBXFileReference; lastKnownFileType = sourcecode.swift; path = LZStructureTests.swift; sourceTree = "<group>"; };
		6D62FE9C2901482F0036DE0F /* LZStructureUITests.xctest */ = {isa = PBXFileReference; explicitFileType = wrapper.cfbundle; includeInIndex = 0; path = LZStructureUITests.xctest; sourceTree = BUILT_PRODUCTS_DIR; };
		6D62FEA02901482F0036DE0F /* LZStructureUITests.swift */ = {isa = PBXFileReference; lastKnownFileType = sourcecode.swift; path = LZStructureUITests.swift; sourceTree = "<group>"; };
		6D62FEA22901482F0036DE0F /* LZStructureUITestsLaunchTests.swift */ = {isa = PBXFileReference; lastKnownFileType = sourcecode.swift; path = LZStructureUITestsLaunchTests.swift; sourceTree = "<group>"; };
/* End PBXFileReference section */

/* Begin PBXFrameworksBuildPhase section */
		6D62FE792901482D0036DE0F /* Frameworks */ = {
			isa = PBXFrameworksBuildPhase;
			buildActionMask = 2147483647;
			files = (
			);
			runOnlyForDeploymentPostprocessing = 0;
		};
		6D62FE8F2901482F0036DE0F /* Frameworks */ = {
			isa = PBXFrameworksBuildPhase;
			buildActionMask = 2147483647;
			files = (
			);
			runOnlyForDeploymentPostprocessing = 0;
		};
		6D62FE992901482F0036DE0F /* Frameworks */ = {
			isa = PBXFrameworksBuildPhase;
			buildActionMask = 2147483647;
			files = (
			);
			runOnlyForDeploymentPostprocessing = 0;
		};
/* End PBXFrameworksBuildPhase section */

/* Begin PBXGroup section */
		6D62FE732901482C0036DE0F = {
			isa = PBXGroup;
			children = (
				6D62FE7E2901482D0036DE0F /* LZStructure */,
				6D62FE952901482F0036DE0F /* LZStructureTests */,
				6D62FE9F2901482F0036DE0F /* LZStructureUITests */,
				6D62FE7D2901482D0036DE0F /* Products */,
			);
			sourceTree = "<group>";
		};
		6D62FE7D2901482D0036DE0F /* Products */ = {
			isa = PBXGroup;
			children = (
				6D62FE7C2901482D0036DE0F /* LZStructure.app */,
				6D62FE922901482F0036DE0F /* LZStructureTests.xctest */,
				6D62FE9C2901482F0036DE0F /* LZStructureUITests.xctest */,
			);
			name = Products;
			sourceTree = "<group>";
		};
		6D62FE7E2901482D0036DE0F /* LZStructure */ = {
			isa = PBXGroup;
			children = (
				6D62FE7F2901482D0036DE0F /* AppDelegate.swift */,
				6D62FE812901482D0036DE0F /* SceneDelegate.swift */,
				6D62FE832901482D0036DE0F /* ViewController.swift */,
				6D62FE852901482D0036DE0F /* Main.storyboard */,
				6D62FE882901482F0036DE0F /* Assets.xcassets */,
				6D62FE8A2901482F0036DE0F /* LaunchScreen.storyboard */,
				6D62FEB62901498F0036DE0F /* Main */,
				6D62FEB8290149A50036DE0F /* Sections */,
				6D62FEB5290149860036DE0F /* Macro */,
				6D62FEB42901497E0036DE0F /* Category */,
				6D62FEBA290149CE0036DE0F /* Vendor */,
				6D62FEB9290149C60036DE0F /* Tool */,
				6D62FEAF290149010036DE0F /* Resource */,
				6D62FE8D2901482F0036DE0F /* Info.plist */,
			);
			path = LZStructure;
			sourceTree = "<group>";
		};
		6D62FE952901482F0036DE0F /* LZStructureTests */ = {
			isa = PBXGroup;
			children = (
				6D62FE962901482F0036DE0F /* LZStructureTests.swift */,
			);
			path = LZStructureTests;
			sourceTree = "<group>";
		};
		6D62FE9F2901482F0036DE0F /* LZStructureUITests */ = {
			isa = PBXGroup;
			children = (
				6D62FEA02901482F0036DE0F /* LZStructureUITests.swift */,
				6D62FEA22901482F0036DE0F /* LZStructureUITestsLaunchTests.swift */,
			);
			path = LZStructureUITests;
			sourceTree = "<group>";
		};
		6D62FEAF290149010036DE0F /* Resource */ = {
			isa = PBXGroup;
			children = (
			);
			path = Resource;
			sourceTree = "<group>";
		};
		6D62FEB42901497E0036DE0F /* Category */ = {
			isa = PBXGroup;
			children = (
			);
			path = Category;
			sourceTree = "<group>";
		};
		6D62FEB5290149860036DE0F /* Macro */ = {
			isa = PBXGroup;
			children = (
			);
			path = Macro;
			sourceTree = "<group>";
		};
		6D62FEB62901498F0036DE0F /* Main */ = {
			isa = PBXGroup;
			children = (
			);
			path = Main;
			sourceTree = "<group>";
		};
		6D62FEB8290149A50036DE0F /* Sections */ = {
			isa = PBXGroup;
			children = (
				6D62FEBB29014A250036DE0F /* Home */,
			);
			path = Sections;
			sourceTree = "<group>";
		};
		6D62FEB9290149C60036DE0F /* Tool */ = {
			isa = PBXGroup;
			children = (
			);
			path = Tool;
			sourceTree = "<group>";
		};
		6D62FEBA290149CE0036DE0F /* Vendor */ = {
			isa = PBXGroup;
			children = (
			);
			path = Vendor;
			sourceTree = "<group>";
		};
		6D62FEBB29014A250036DE0F /* Home */ = {
			isa = PBXGroup;
			children = (
				6D62FEC129014BFE0036DE0F /* Presenter */,
				6D62FEC029014A5A0036DE0F /* ViewModel */,
				6D62FEBF29014A530036DE0F /* View */,
				6D62FEBE29014A470036DE0F /* Model */,
				6D62FEBC29014A2D0036DE0F /* Controller */,
			);
			path = Home;
			sourceTree = "<group>";
		};
		6D62FEBC29014A2D0036DE0F /* Controller */ = {
			isa = PBXGroup;
			children = (
			);
			path = Controller;
			sourceTree = "<group>";
		};
		6D62FEBE29014A470036DE0F /* Model */ = {
			isa = PBXGroup;
			children = (
			);
			path = Model;
			sourceTree = "<group>";
		};
		6D62FEBF29014A530036DE0F /* View */ = {
			isa = PBXGroup;
			children = (
			);
			path = View;
			sourceTree = "<group>";
		};
		6D62FEC029014A5A0036DE0F /* ViewModel */ = {
			isa = PBXGroup;
			children = (
			);
			path = ViewModel;
			sourceTree = "<group>";
		};
		6D62FEC129014BFE0036DE0F /* Presenter */ = {
			isa = PBXGroup;
			children = (
			);
			path = Presenter;
			sourceTree = "<group>";
		};
/* End PBXGroup section */

/* Begin PBXNativeTarget section */
		6D62FE7B2901482D0036DE0F /* LZStructure */ = {
			isa = PBXNativeTarget;
			buildConfigurationList = 6D62FEA62901482F0036DE0F /* Build configuration list for PBXNativeTarget "LZStructure" */;
			buildPhases = (
				6D62FE782901482D0036DE0F /* Sources */,
				6D62FE792901482D0036DE0F /* Frameworks */,
				6D62FE7A2901482D0036DE0F /* Resources */,
			);
			buildRules = (
			);
			dependencies = (
			);
			name = LZStructure;
			productName = LZStructure;
			productReference = 6D62FE7C2901482D0036DE0F /* LZStructure.app */;
			productType = "com.apple.product-type.application";
		};
		6D62FE912901482F0036DE0F /* LZStructureTests */ = {
			isa = PBXNativeTarget;
			buildConfigurationList = 6D62FEA92901482F0036DE0F /* Build configuration list for PBXNativeTarget "LZStructureTests" */;
			buildPhases = (
				6D62FE8E2901482F0036DE0F /* Sources */,
				6D62FE8F2901482F0036DE0F /* Frameworks */,
				6D62FE902901482F0036DE0F /* Resources */,
			);
			buildRules = (
			);
			dependencies = (
				6D62FE942901482F0036DE0F /* PBXTargetDependency */,
			);
			name = LZStructureTests;
			productName = LZStructureTests;
			productReference = 6D62FE922901482F0036DE0F /* LZStructureTests.xctest */;
			productType = "com.apple.product-type.bundle.unit-test";
		};
		6D62FE9B2901482F0036DE0F /* LZStructureUITests */ = {
			isa = PBXNativeTarget;
			buildConfigurationList = 6D62FEAC2901482F0036DE0F /* Build configuration list for PBXNativeTarget "LZStructureUITests" */;
			buildPhases = (
				6D62FE982901482F0036DE0F /* Sources */,
				6D62FE992901482F0036DE0F /* Frameworks */,
				6D62FE9A2901482F0036DE0F /* Resources */,
			);
			buildRules = (
			);
			dependencies = (
				6D62FE9E2901482F0036DE0F /* PBXTargetDependency */,
			);
			name = LZStructureUITests;
			productName = LZStructureUITests;
			productReference = 6D62FE9C2901482F0036DE0F /* LZStructureUITests.xctest */;
			productType = "com.apple.product-type.bundle.ui-testing";
		};
/* End PBXNativeTarget section */

/* Begin PBXProject section */
		6D62FE742901482C0036DE0F /* Project object */ = {
			isa = PBXProject;
			attributes = {
				BuildIndependentTargetsInParallel = 1;
				LastSwiftUpdateCheck = 1400;
				LastUpgradeCheck = 1400;
				TargetAttributes = {
					6D62FE7B2901482D0036DE0F = {
						CreatedOnToolsVersion = 14.0;
					};
					6D62FE912901482F0036DE0F = {
						CreatedOnToolsVersion = 14.0;
						TestTargetID = 6D62FE7B2901482D0036DE0F;
					};
					6D62FE9B2901482F0036DE0F = {
						CreatedOnToolsVersion = 14.0;
						TestTargetID = 6D62FE7B2901482D0036DE0F;
					};
				};
			};
			buildConfigurationList = 6D62FE772901482D0036DE0F /* Build configuration list for PBXProject "LZStructure" */;
			compatibilityVersion = "Xcode 14.0";
			developmentRegion = en;
			hasScannedForEncodings = 0;
			knownRegions = (
				en,
				Base,
			);
			mainGroup = 6D62FE732901482C0036DE0F;
			productRefGroup = 6D62FE7D2901482D0036DE0F /* Products */;
			projectDirPath = "";
			projectRoot = "";
			targets = (
				6D62FE7B2901482D0036DE0F /* LZStructure */,
				6D62FE912901482F0036DE0F /* LZStructureTests */,
				6D62FE9B2901482F0036DE0F /* LZStructureUITests */,
			);
		};
/* End PBXProject section */

/* Begin PBXResourcesBuildPhase section */
		6D62FE7A2901482D0036DE0F /* Resources */ = {
			isa = PBXResourcesBuildPhase;
			buildActionMask = 2147483647;
			files = (
				6D62FE8C2901482F0036DE0F /* LaunchScreen.storyboard in Resources */,
				6D62FE892901482F0036DE0F /* Assets.xcassets in Resources */,
				6D62FE872901482D0036DE0F /* Main.storyboard in Resources */,
			);
			runOnlyForDeploymentPostprocessing = 0;
		};
		6D62FE902901482F0036DE0F /* Resources */ = {
			isa = PBXResourcesBuildPhase;
			buildActionMask = 2147483647;
			files = (
			);
			runOnlyForDeploymentPostprocessing = 0;
		};
		6D62FE9A2901482F0036DE0F /* Resources */ = {
			isa = PBXResourcesBuildPhase;
			buildActionMask = 2147483647;
			files = (
			);
			runOnlyForDeploymentPostprocessing = 0;
		};
/* End PBXResourcesBuildPhase section */

/* Begin PBXSourcesBuildPhase section */
		6D62FE782901482D0036DE0F /* Sources */ = {
			isa = PBXSourcesBuildPhase;
			buildActionMask = 2147483647;
			files = (
				6D62FE842901482D0036DE0F /* ViewController.swift in Sources */,
				6D62FE802901482D0036DE0F /* AppDelegate.swift in Sources */,
				6D62FE822901482D0036DE0F /* SceneDelegate.swift in Sources */,
			);
			runOnlyForDeploymentPostprocessing = 0;
		};
		6D62FE8E2901482F0036DE0F /* Sources */ = {
			isa = PBXSourcesBuildPhase;
			buildActionMask = 2147483647;
			files = (
				6D62FE972901482F0036DE0F /* LZStructureTests.swift in Sources */,
			);
			runOnlyForDeploymentPostprocessing = 0;
		};
		6D62FE982901482F0036DE0F /* Sources */ = {
			isa = PBXSourcesBuildPhase;
			buildActionMask = 2147483647;
			files = (
				6D62FEA32901482F0036DE0F /* LZStructureUITestsLaunchTests.swift in Sources */,
				6D62FEA12901482F0036DE0F /* LZStructureUITests.swift in Sources */,
			);
			runOnlyForDeploymentPostprocessing = 0;
		};
/* End PBXSourcesBuildPhase section */

/* Begin PBXTargetDependency section */
		6D62FE942901482F0036DE0F /* PBXTargetDependency */ = {
			isa = PBXTargetDependency;
			target = 6D62FE7B2901482D0036DE0F /* LZStructure */;
			targetProxy = 6D62FE932901482F0036DE0F /* PBXContainerItemProxy */;
		};
		6D62FE9E2901482F0036DE0F /* PBXTargetDependency */ = {
			isa = PBXTargetDependency;
			target = 6D62FE7B2901482D0036DE0F /* LZStructure */;
			targetProxy = 6D62FE9D2901482F0036DE0F /* PBXContainerItemProxy */;
		};
/* End PBXTargetDependency section */

/* Begin PBXVariantGroup section */
		6D62FE852901482D0036DE0F /* Main.storyboard */ = {
			isa = PBXVariantGroup;
			children = (
				6D62FE862901482D0036DE0F /* Base */,
			);
			name = Main.storyboard;
			sourceTree = "<group>";
		};
		6D62FE8A2901482F0036DE0F /* LaunchScreen.storyboard */ = {
			isa = PBXVariantGroup;
			children = (
				6D62FE8B2901482F0036DE0F /* Base */,
			);
			name = LaunchScreen.storyboard;
			sourceTree = "<group>";
		};
/* End PBXVariantGroup section */

/* Begin XCBuildConfiguration section */
		6D62FEA42901482F0036DE0F /* Debug */ = {
			isa = XCBuildConfiguration;
			buildSettings = {
				ALWAYS_SEARCH_USER_PATHS = NO;
				CLANG_ANALYZER_NONNULL = YES;
				CLANG_ANALYZER_NUMBER_OBJECT_CONVERSION = YES_AGGRESSIVE;
				CLANG_CXX_LANGUAGE_STANDARD = "gnu++20";
				CLANG_ENABLE_MODULES = YES;
				CLANG_ENABLE_OBJC_ARC = YES;
				CLANG_ENABLE_OBJC_WEAK = YES;
				CLANG_WARN_BLOCK_CAPTURE_AUTORELEASING = YES;
				CLANG_WARN_BOOL_CONVERSION = YES;
				CLANG_WARN_COMMA = YES;
				CLANG_WARN_CONSTANT_CONVERSION = YES;
				CLANG_WARN_DEPRECATED_OBJC_IMPLEMENTATIONS = YES;
				CLANG_WARN_DIRECT_OBJC_ISA_USAGE = YES_ERROR;
				CLANG_WARN_DOCUMENTATION_COMMENTS = YES;
				CLANG_WARN_EMPTY_BODY = YES;
				CLANG_WARN_ENUM_CONVERSION = YES;
				CLANG_WARN_INFINITE_RECURSION = YES;
				CLANG_WARN_INT_CONVERSION = YES;
				CLANG_WARN_NON_LITERAL_NULL_CONVERSION = YES;
				CLANG_WARN_OBJC_IMPLICIT_RETAIN_SELF = YES;
				CLANG_WARN_OBJC_LITERAL_CONVERSION = YES;
				CLANG_WARN_OBJC_ROOT_CLASS = YES_ERROR;
				CLANG_WARN_QUOTED_INCLUDE_IN_FRAMEWORK_HEADER = YES;
				CLANG_WARN_RANGE_LOOP_ANALYSIS = YES;
				CLANG_WARN_STRICT_PROTOTYPES = YES;
				CLANG_WARN_SUSPICIOUS_MOVE = YES;
				CLANG_WARN_UNGUARDED_AVAILABILITY = YES_AGGRESSIVE;
				CLANG_WARN_UNREACHABLE_CODE = YES;
				CLANG_WARN__DUPLICATE_METHOD_MATCH = YES;
				COPY_PHASE_STRIP = NO;
				DEBUG_INFORMATION_FORMAT = dwarf;
				ENABLE_STRICT_OBJC_MSGSEND = YES;
				ENABLE_TESTABILITY = YES;
				GCC_C_LANGUAGE_STANDARD = gnu11;
				GCC_DYNAMIC_NO_PIC = NO;
				GCC_NO_COMMON_BLOCKS = YES;
				GCC_OPTIMIZATION_LEVEL = 0;
				GCC_PREPROCESSOR_DEFINITIONS = (
					"DEBUG=1",
					"$(inherited)",
				);
				GCC_WARN_64_TO_32_BIT_CONVERSION = YES;
				GCC_WARN_ABOUT_RETURN_TYPE = YES_ERROR;
				GCC_WARN_UNDECLARED_SELECTOR = YES;
				GCC_WARN_UNINITIALIZED_AUTOS = YES_AGGRESSIVE;
				GCC_WARN_UNUSED_FUNCTION = YES;
				GCC_WARN_UNUSED_VARIABLE = YES;
				IPHONEOS_DEPLOYMENT_TARGET = 16.0;
				MTL_ENABLE_DEBUG_INFO = INCLUDE_SOURCE;
				MTL_FAST_MATH = YES;
				ONLY_ACTIVE_ARCH = YES;
				SDKROOT = iphoneos;
				SWIFT_ACTIVE_COMPILATION_CONDITIONS = DEBUG;
				SWIFT_OPTIMIZATION_LEVEL = "-Onone";
			};
			name = Debug;
		};
		6D62FEA52901482F0036DE0F /* Release */ = {
			isa = XCBuildConfiguration;
			buildSettings = {
				ALWAYS_SEARCH_USER_PATHS = NO;
				CLANG_ANALYZER_NONNULL = YES;
				CLANG_ANALYZER_NUMBER_OBJECT_CONVERSION = YES_AGGRESSIVE;
				CLANG_CXX_LANGUAGE_STANDARD = "gnu++20";
				CLANG_ENABLE_MODULES = YES;
				CLANG_ENABLE_OBJC_ARC = YES;
				CLANG_ENABLE_OBJC_WEAK = YES;
				CLANG_WARN_BLOCK_CAPTURE_AUTORELEASING = YES;
				CLANG_WARN_BOOL_CONVERSION = YES;
				CLANG_WARN_COMMA = YES;
				CLANG_WARN_CONSTANT_CONVERSION = YES;
				CLANG_WARN_DEPRECATED_OBJC_IMPLEMENTATIONS = YES;
				CLANG_WARN_DIRECT_OBJC_ISA_USAGE = YES_ERROR;
				CLANG_WARN_DOCUMENTATION_COMMENTS = YES;
				CLANG_WARN_EMPTY_BODY = YES;
				CLANG_WARN_ENUM_CONVERSION = YES;
				CLANG_WARN_INFINITE_RECURSION = YES;
				CLANG_WARN_INT_CONVERSION = YES;
				CLANG_WARN_NON_LITERAL_NULL_CONVERSION = YES;
				CLANG_WARN_OBJC_IMPLICIT_RETAIN_SELF = YES;
				CLANG_WARN_OBJC_LITERAL_CONVERSION = YES;
				CLANG_WARN_OBJC_ROOT_CLASS = YES_ERROR;
				CLANG_WARN_QUOTED_INCLUDE_IN_FRAMEWORK_HEADER = YES;
				CLANG_WARN_RANGE_LOOP_ANALYSIS = YES;
				CLANG_WARN_STRICT_PROTOTYPES = YES;
				CLANG_WARN_SUSPICIOUS_MOVE = YES;
				CLANG_WARN_UNGUARDED_AVAILABILITY = YES_AGGRESSIVE;
				CLANG_WARN_UNREACHABLE_CODE = YES;
				CLANG_WARN__DUPLICATE_METHOD_MATCH = YES;
				COPY_PHASE_STRIP = NO;
				DEBUG_INFORMATION_FORMAT = "dwarf-with-dsym";
				ENABLE_NS_ASSERTIONS = NO;
				ENABLE_STRICT_OBJC_MSGSEND = YES;
				GCC_C_LANGUAGE_STANDARD = gnu11;
				GCC_NO_COMMON_BLOCKS = YES;
				GCC_WARN_64_TO_32_BIT_CONVERSION = YES;
				GCC_WARN_ABOUT_RETURN_TYPE = YES_ERROR;
				GCC_WARN_UNDECLARED_SELECTOR = YES;
				GCC_WARN_UNINITIALIZED_AUTOS = YES_AGGRESSIVE;
				GCC_WARN_UNUSED_FUNCTION = YES;
				GCC_WARN_UNUSED_VARIABLE = YES;
				IPHONEOS_DEPLOYMENT_TARGET = 16.0;
				MTL_ENABLE_DEBUG_INFO = NO;
				MTL_FAST_MATH = YES;
				SDKROOT = iphoneos;
				SWIFT_COMPILATION_MODE = wholemodule;
				SWIFT_OPTIMIZATION_LEVEL = "-O";
				VALIDATE_PRODUCT = YES;
			};
			name = Release;
		};
		6D62FEA72901482F0036DE0F /* Debug */ = {
			isa = XCBuildConfiguration;
			buildSettings = {
				ASSETCATALOG_COMPILER_APPICON_NAME = AppIcon;
				ASSETCATALOG_COMPILER_GLOBAL_ACCENT_COLOR_NAME = AccentColor;
				CODE_SIGN_STYLE = Automatic;
				CURRENT_PROJECT_VERSION = 1;
				DEVELOPMENT_TEAM = 5GAWG88GR9;
				GENERATE_INFOPLIST_FILE = YES;
				INFOPLIST_FILE = LZStructure/Info.plist;
				INFOPLIST_KEY_UIApplicationSupportsIndirectInputEvents = YES;
				INFOPLIST_KEY_UILaunchStoryboardName = LaunchScreen;
				INFOPLIST_KEY_UIMainStoryboardFile = Main;
				INFOPLIST_KEY_UISupportedInterfaceOrientations_iPad = "UIInterfaceOrientationPortrait UIInterfaceOrientationPortraitUpsideDown UIInterfaceOrientationLandscapeLeft UIInterfaceOrientationLandscapeRight";
				INFOPLIST_KEY_UISupportedInterfaceOrientations_iPhone = "UIInterfaceOrientationPortrait UIInterfaceOrientationLandscapeLeft UIInterfaceOrientationLandscapeRight";
				LD_RUNPATH_SEARCH_PATHS = (
					"$(inherited)",
					"@executable_path/Frameworks",
				);
				MARKETING_VERSION = 1.0;
				PRODUCT_BUNDLE_IDENTIFIER = com.LZStructure.LZStructure;
				PRODUCT_NAME = "$(TARGET_NAME)";
				SWIFT_EMIT_LOC_STRINGS = YES;
				SWIFT_VERSION = 5.0;
				TARGETED_DEVICE_FAMILY = "1,2";
			};
			name = Debug;
		};
		6D62FEA82901482F0036DE0F /* Release */ = {
			isa = XCBuildConfiguration;
			buildSettings = {
				ASSETCATALOG_COMPILER_APPICON_NAME = AppIcon;
				ASSETCATALOG_COMPILER_GLOBAL_ACCENT_COLOR_NAME = AccentColor;
				CODE_SIGN_STYLE = Automatic;
				CURRENT_PROJECT_VERSION = 1;
				DEVELOPMENT_TEAM = 5GAWG88GR9;
				GENERATE_INFOPLIST_FILE = YES;
				INFOPLIST_FILE = LZStructure/Info.plist;
				INFOPLIST_KEY_UIApplicationSupportsIndirectInputEvents = YES;
				INFOPLIST_KEY_UILaunchStoryboardName = LaunchScreen;
				INFOPLIST_KEY_UIMainStoryboardFile = Main;
				INFOPLIST_KEY_UISupportedInterfaceOrientations_iPad = "UIInterfaceOrientationPortrait UIInterfaceOrientationPortraitUpsideDown UIInterfaceOrientationLandscapeLeft UIInterfaceOrientationLandscapeRight";
				INFOPLIST_KEY_UISupportedInterfaceOrientations_iPhone = "UIInterfaceOrientationPortrait UIInterfaceOrientationLandscapeLeft UIInterfaceOrientationLandscapeRight";
				LD_RUNPATH_SEARCH_PATHS = (
					"$(inherited)",
					"@executable_path/Frameworks",
				);
				MARKETING_VERSION = 1.0;
				PRODUCT_BUNDLE_IDENTIFIER = com.LZStructure.LZStructure;
				PRODUCT_NAME = "$(TARGET_NAME)";
				SWIFT_EMIT_LOC_STRINGS = YES;
				SWIFT_VERSION = 5.0;
				TARGETED_DEVICE_FAMILY = "1,2";
			};
			name = Release;
		};
		6D62FEAA2901482F0036DE0F /* Debug */ = {
			isa = XCBuildConfiguration;
			buildSettings = {
				ALWAYS_EMBED_SWIFT_STANDARD_LIBRARIES = YES;
				BUNDLE_LOADER = "$(TEST_HOST)";
				CODE_SIGN_STYLE = Automatic;
				CURRENT_PROJECT_VERSION = 1;
				DEVELOPMENT_TEAM = 5GAWG88GR9;
				GENERATE_INFOPLIST_FILE = YES;
				IPHONEOS_DEPLOYMENT_TARGET = 16.0;
				MARKETING_VERSION = 1.0;
				PRODUCT_BUNDLE_IDENTIFIER = com.LZStructure.LZStructureTests;
				PRODUCT_NAME = "$(TARGET_NAME)";
				SWIFT_EMIT_LOC_STRINGS = NO;
				SWIFT_VERSION = 5.0;
				TARGETED_DEVICE_FAMILY = "1,2";
				TEST_HOST = "$(BUILT_PRODUCTS_DIR)/LZStructure.app/$(BUNDLE_EXECUTABLE_FOLDER_PATH)/LZStructure";
			};
			name = Debug;
		};
		6D62FEAB2901482F0036DE0F /* Release */ = {
			isa = XCBuildConfiguration;
			buildSettings = {
				ALWAYS_EMBED_SWIFT_STANDARD_LIBRARIES = YES;
				BUNDLE_LOADER = "$(TEST_HOST)";
				CODE_SIGN_STYLE = Automatic;
				CURRENT_PROJECT_VERSION = 1;
				DEVELOPMENT_TEAM = 5GAWG88GR9;
				GENERATE_INFOPLIST_FILE = YES;
				IPHONEOS_DEPLOYMENT_TARGET = 16.0;
				MARKETING_VERSION = 1.0;
				PRODUCT_BUNDLE_IDENTIFIER = com.LZStructure.LZStructureTests;
				PRODUCT_NAME = "$(TARGET_NAME)";
				SWIFT_EMIT_LOC_STRINGS = NO;
				SWIFT_VERSION = 5.0;
				TARGETED_DEVICE_FAMILY = "1,2";
				TEST_HOST = "$(BUILT_PRODUCTS_DIR)/LZStructure.app/$(BUNDLE_EXECUTABLE_FOLDER_PATH)/LZStructure";
			};
			name = Release;
		};
		6D62FEAD2901482F0036DE0F /* Debug */ = {
			isa = XCBuildConfiguration;
			buildSettings = {
				ALWAYS_EMBED_SWIFT_STANDARD_LIBRARIES = YES;
				CODE_SIGN_STYLE = Automatic;
				CURRENT_PROJECT_VERSION = 1;
				DEVELOPMENT_TEAM = 5GAWG88GR9;
				GENERATE_INFOPLIST_FILE = YES;
				MARKETING_VERSION = 1.0;
				PRODUCT_BUNDLE_IDENTIFIER = com.LZStructure.LZStructureUITests;
				PRODUCT_NAME = "$(TARGET_NAME)";
				SWIFT_EMIT_LOC_STRINGS = NO;
				SWIFT_VERSION = 5.0;
				TARGETED_DEVICE_FAMILY = "1,2";
				TEST_TARGET_NAME = LZStructure;
			};
			name = Debug;
		};
		6D62FEAE2901482F0036DE0F /* Release */ = {
			isa = XCBuildConfiguration;
			buildSettings = {
				ALWAYS_EMBED_SWIFT_STANDARD_LIBRARIES = YES;
				CODE_SIGN_STYLE = Automatic;
				CURRENT_PROJECT_VERSION = 1;
				DEVELOPMENT_TEAM = 5GAWG88GR9;
				GENERATE_INFOPLIST_FILE = YES;
				MARKETING_VERSION = 1.0;
				PRODUCT_BUNDLE_IDENTIFIER = com.LZStructure.LZStructureUITests;
				PRODUCT_NAME = "$(TARGET_NAME)";
				SWIFT_EMIT_LOC_STRINGS = NO;
				SWIFT_VERSION = 5.0;
				TARGETED_DEVICE_FAMILY = "1,2";
				TEST_TARGET_NAME = LZStructure;
			};
			name = Release;
		};
/* End XCBuildConfiguration section */

/* Begin XCConfigurationList section */
		6D62FE772901482D0036DE0F /* Build configuration list for PBXProject "LZStructure" */ = {
			isa = XCConfigurationList;
			buildConfigurations = (
				6D62FEA42901482F0036DE0F /* Debug */,
				6D62FEA52901482F0036DE0F /* Release */,
			);
			defaultConfigurationIsVisible = 0;
			defaultConfigurationName = Release;
		};
		6D62FEA62901482F0036DE0F /* Build configuration list for PBXNativeTarget "LZStructure" */ = {
			isa = XCConfigurationList;
			buildConfigurations = (
				6D62FEA72901482F0036DE0F /* Debug */,
				6D62FEA82901482F0036DE0F /* Release */,
			);
			defaultConfigurationIsVisible = 0;
			defaultConfigurationName = Release;
		};
		6D62FEA92901482F0036DE0F /* Build configuration list for PBXNativeTarget "LZStructureTests" */ = {
			isa = XCConfigurationList;
			buildConfigurations = (
				6D62FEAA2901482F0036DE0F /* Debug */,
				6D62FEAB2901482F0036DE0F /* Release */,
			);
			defaultConfigurationIsVisible = 0;
			defaultConfigurationName = Release;
		};
		6D62FEAC2901482F0036DE0F /* Build configuration list for PBXNativeTarget "LZStructureUITests" */ = {
			isa = XCConfigurationList;
			buildConfigurations = (
				6D62FEAD2901482F0036DE0F /* Debug */,
				6D62FEAE2901482F0036DE0F /* Release */,
			);
			defaultConfigurationIsVisible = 0;
			defaultConfigurationName = Release;
		};
/* End XCConfigurationList section */
	};
	rootObject = 6D62FE742901482C0036DE0F /* Project object */;
}
