PODS:
  - SDWebImage (5.19.2):
    - SDWebImage/Core (= 5.19.2)
  - SDWebImage/Core (5.19.2)

DEPENDENCIES:
  - SDWebImage

SPEC REPOS:
  trunk:
    - SDWebImage

SPEC CHECKSUMS:
  SDWebImage: dfe95b2466a9823cf9f0c6d01217c06550d7b29a

PODFILE CHECKSUM: 5ad3c0c99fb851a9def22285520495da8d198971

COCOAPODS: 1.15.2
