{
  "originHash" : "c24daa4682313514fd866170632ada1ba728fe3918e361cf1ebcba3eb8a27ced",
  "pins" : [
    {
      "identity" : "popupview",
      "kind" : "remoteSourceControl",
      "location" : "https://github.com/exyte/PopupView",
      "state" : {
        "revision" : "397b9f2c6675b27cdc94814e9ec388b132b453d5",
        "version" : "2.9.2"
      }
    },
    {
      "identity" : "refresh",
      "kind" : "remoteSourceControl",
      "location" : "https://github.com/wxxsw/Refresh",
      "state" : {
        "revision" : "4b507f7c6f08f80d853b7ff052f4324a1279cdfe",
        "version" : "0.2.0"
      }
    },
    {
      "identity" : "swiftui-introspect",
      "kind" : "remoteSourceControl",
      "location" : "https://github.com/siteline/swiftui-introspect",
      "state" : {
        "revision" : "7dc5b287f8040e4ad5038739850b758e78f77808",
        "version" : "1.1.4"
      }
    }
  ],
  "version" : 3
}
