// !$*UTF8*$!
{
	archiveVersion = 1;
	classes = {
	};
	objectVersion = 56;
	objects = {

/* Begin PBXBuildFile section */
		6D3C88902C6217C600CD69BB /* AppDelegate.swift in Sources */ = {isa = PBXBuildFile; fileRef = 6D3C888F2C6217C600CD69BB /* AppDelegate.swift */; };
		6D3C88922C6217C600CD69BB /* SceneDelegate.swift in Sources */ = {isa = PBXBuildFile; fileRef = 6D3C88912C6217C600CD69BB /* SceneDelegate.swift */; };
		6D3C88942C6217C600CD69BB /* ViewController.swift in Sources */ = {isa = PBXBuildFile; fileRef = 6D3C88932C6217C600CD69BB /* ViewController.swift */; };
		6D3C88972C6217C600CD69BB /* Base in Resources */ = {isa = PBXBuildFile; fileRef = 6D3C88962C6217C600CD69BB /* Base */; };
		6D3C88992C6217CC00CD69BB /* Assets.xcassets in Resources */ = {isa = PBXBuildFile; fileRef = 6D3C88982C6217CC00CD69BB /* Assets.xcassets */; };
		6D3C889C2C6217CC00CD69BB /* Base in Resources */ = {isa = PBXBuildFile; fileRef = 6D3C889B2C6217CC00CD69BB /* Base */; };
		6D3C88A42C62184B00CD69BB /* DateFormateMoreController.swift in Sources */ = {isa = PBXBuildFile; fileRef = 6D3C88A32C62184B00CD69BB /* DateFormateMoreController.swift */; };
		6D3C88A62C62186500CD69BB /* DateFormateOnceController.swift in Sources */ = {isa = PBXBuildFile; fileRef = 6D3C88A52C62186500CD69BB /* DateFormateOnceController.swift */; };
/* End PBXBuildFile section */

/* Begin PBXFileReference section */
		6D3C888C2C6217C600CD69BB /* DateFormatTest.app */ = {isa = PBXFileReference; explicitFileType = wrapper.application; includeInIndex = 0; path = DateFormatTest.app; sourceTree = BUILT_PRODUCTS_DIR; };
		6D3C888F2C6217C600CD69BB /* AppDelegate.swift */ = {isa = PBXFileReference; lastKnownFileType = sourcecode.swift; path = AppDelegate.swift; sourceTree = "<group>"; };
		6D3C88912C6217C600CD69BB /* SceneDelegate.swift */ = {isa = PBXFileReference; lastKnownFileType = sourcecode.swift; path = SceneDelegate.swift; sourceTree = "<group>"; };
		6D3C88932C6217C600CD69BB /* ViewController.swift */ = {isa = PBXFileReference; lastKnownFileType = sourcecode.swift; path = ViewController.swift; sourceTree = "<group>"; };
		6D3C88962C6217C600CD69BB /* Base */ = {isa = PBXFileReference; lastKnownFileType = file.storyboard; name = Base; path = Base.lproj/Main.storyboard; sourceTree = "<group>"; };
		6D3C88982C6217CC00CD69BB /* Assets.xcassets */ = {isa = PBXFileReference; lastKnownFileType = folder.assetcatalog; path = Assets.xcassets; sourceTree = "<group>"; };
		6D3C889B2C6217CC00CD69BB /* Base */ = {isa = PBXFileReference; lastKnownFileType = file.storyboard; name = Base; path = Base.lproj/LaunchScreen.storyboard; sourceTree = "<group>"; };
		6D3C889D2C6217CC00CD69BB /* Info.plist */ = {isa = PBXFileReference; lastKnownFileType = text.plist.xml; path = Info.plist; sourceTree = "<group>"; };
		6D3C88A32C62184B00CD69BB /* DateFormateMoreController.swift */ = {isa = PBXFileReference; lastKnownFileType = sourcecode.swift; path = DateFormateMoreController.swift; sourceTree = "<group>"; };
		6D3C88A52C62186500CD69BB /* DateFormateOnceController.swift */ = {isa = PBXFileReference; lastKnownFileType = sourcecode.swift; path = DateFormateOnceController.swift; sourceTree = "<group>"; };
/* End PBXFileReference section */

/* Begin PBXFrameworksBuildPhase section */
		6D3C88892C6217C600CD69BB /* Frameworks */ = {
			isa = PBXFrameworksBuildPhase;
			buildActionMask = 2147483647;
			files = (
			);
			runOnlyForDeploymentPostprocessing = 0;
		};
/* End PBXFrameworksBuildPhase section */

/* Begin PBXGroup section */
		6D3C88832C6217C600CD69BB = {
			isa = PBXGroup;
			children = (
				6D3C888E2C6217C600CD69BB /* DateFormatTest */,
				6D3C888D2C6217C600CD69BB /* Products */,
			);
			sourceTree = "<group>";
		};
		6D3C888D2C6217C600CD69BB /* Products */ = {
			isa = PBXGroup;
			children = (
				6D3C888C2C6217C600CD69BB /* DateFormatTest.app */,
			);
			name = Products;
			sourceTree = "<group>";
		};
		6D3C888E2C6217C600CD69BB /* DateFormatTest */ = {
			isa = PBXGroup;
			children = (
				6D3C888F2C6217C600CD69BB /* AppDelegate.swift */,
				6D3C88912C6217C600CD69BB /* SceneDelegate.swift */,
				6D3C88932C6217C600CD69BB /* ViewController.swift */,
				6D3C88A32C62184B00CD69BB /* DateFormateMoreController.swift */,
				6D3C88A52C62186500CD69BB /* DateFormateOnceController.swift */,
				6D3C88952C6217C600CD69BB /* Main.storyboard */,
				6D3C88982C6217CC00CD69BB /* Assets.xcassets */,
				6D3C889A2C6217CC00CD69BB /* LaunchScreen.storyboard */,
				6D3C889D2C6217CC00CD69BB /* Info.plist */,
			);
			path = DateFormatTest;
			sourceTree = "<group>";
		};
/* End PBXGroup section */

/* Begin PBXNativeTarget section */
		6D3C888B2C6217C600CD69BB /* DateFormatTest */ = {
			isa = PBXNativeTarget;
			buildConfigurationList = 6D3C88A02C6217CC00CD69BB /* Build configuration list for PBXNativeTarget "DateFormatTest" */;
			buildPhases = (
				6D3C88882C6217C600CD69BB /* Sources */,
				6D3C88892C6217C600CD69BB /* Frameworks */,
				6D3C888A2C6217C600CD69BB /* Resources */,
			);
			buildRules = (
			);
			dependencies = (
			);
			name = DateFormatTest;
			productName = DateFormatTest;
			productReference = 6D3C888C2C6217C600CD69BB /* DateFormatTest.app */;
			productType = "com.apple.product-type.application";
		};
/* End PBXNativeTarget section */

/* Begin PBXProject section */
		6D3C88842C6217C600CD69BB /* Project object */ = {
			isa = PBXProject;
			attributes = {
				BuildIndependentTargetsInParallel = 1;
				LastSwiftUpdateCheck = 1540;
				LastUpgradeCheck = 1540;
				TargetAttributes = {
					6D3C888B2C6217C600CD69BB = {
						CreatedOnToolsVersion = 15.4;
					};
				};
			};
			buildConfigurationList = 6D3C88872C6217C600CD69BB /* Build configuration list for PBXProject "DateFormatTest" */;
			compatibilityVersion = "Xcode 14.0";
			developmentRegion = en;
			hasScannedForEncodings = 0;
			knownRegions = (
				en,
				Base,
			);
			mainGroup = 6D3C88832C6217C600CD69BB;
			productRefGroup = 6D3C888D2C6217C600CD69BB /* Products */;
			projectDirPath = "";
			projectRoot = "";
			targets = (
				6D3C888B2C6217C600CD69BB /* DateFormatTest */,
			);
		};
/* End PBXProject section */

/* Begin PBXResourcesBuildPhase section */
		6D3C888A2C6217C600CD69BB /* Resources */ = {
			isa = PBXResourcesBuildPhase;
			buildActionMask = 2147483647;
			files = (
				6D3C88992C6217CC00CD69BB /* Assets.xcassets in Resources */,
				6D3C889C2C6217CC00CD69BB /* Base in Resources */,
				6D3C88972C6217C600CD69BB /* Base in Resources */,
			);
			runOnlyForDeploymentPostprocessing = 0;
		};
/* End PBXResourcesBuildPhase section */

/* Begin PBXSourcesBuildPhase section */
		6D3C88882C6217C600CD69BB /* Sources */ = {
			isa = PBXSourcesBuildPhase;
			buildActionMask = 2147483647;
			files = (
				6D3C88942C6217C600CD69BB /* ViewController.swift in Sources */,
				6D3C88A42C62184B00CD69BB /* DateFormateMoreController.swift in Sources */,
				6D3C88902C6217C600CD69BB /* AppDelegate.swift in Sources */,
				6D3C88A62C62186500CD69BB /* DateFormateOnceController.swift in Sources */,
				6D3C88922C6217C600CD69BB /* SceneDelegate.swift in Sources */,
			);
			runOnlyForDeploymentPostprocessing = 0;
		};
/* End PBXSourcesBuildPhase section */

/* Begin PBXVariantGroup section */
		6D3C88952C6217C600CD69BB /* Main.storyboard */ = {
			isa = PBXVariantGroup;
			children = (
				6D3C88962C6217C600CD69BB /* Base */,
			);
			name = Main.storyboard;
			sourceTree = "<group>";
		};
		6D3C889A2C6217CC00CD69BB /* LaunchScreen.storyboard */ = {
			isa = PBXVariantGroup;
			children = (
				6D3C889B2C6217CC00CD69BB /* Base */,
			);
			name = LaunchScreen.storyboard;
			sourceTree = "<group>";
		};
/* End PBXVariantGroup section */

/* Begin XCBuildConfiguration section */
		6D3C889E2C6217CC00CD69BB /* Debug */ = {
			isa = XCBuildConfiguration;
			buildSettings = {
				ALWAYS_SEARCH_USER_PATHS = NO;
				ASSETCATALOG_COMPILER_GENERATE_SWIFT_ASSET_SYMBOL_EXTENSIONS = YES;
				CLANG_ANALYZER_NONNULL = YES;
				CLANG_ANALYZER_NUMBER_OBJECT_CONVERSION = YES_AGGRESSIVE;
				CLANG_CXX_LANGUAGE_STANDARD = "gnu++20";
				CLANG_ENABLE_MODULES = YES;
				CLANG_ENABLE_OBJC_ARC = YES;
				CLANG_ENABLE_OBJC_WEAK = YES;
				CLANG_WARN_BLOCK_CAPTURE_AUTORELEASING = YES;
				CLANG_WARN_BOOL_CONVERSION = YES;
				CLANG_WARN_COMMA = YES;
				CLANG_WARN_CONSTANT_CONVERSION = YES;
				CLANG_WARN_DEPRECATED_OBJC_IMPLEMENTATIONS = YES;
				CLANG_WARN_DIRECT_OBJC_ISA_USAGE = YES_ERROR;
				CLANG_WARN_DOCUMENTATION_COMMENTS = YES;
				CLANG_WARN_EMPTY_BODY = YES;
				CLANG_WARN_ENUM_CONVERSION = YES;
				CLANG_WARN_INFINITE_RECURSION = YES;
				CLANG_WARN_INT_CONVERSION = YES;
				CLANG_WARN_NON_LITERAL_NULL_CONVERSION = YES;
				CLANG_WARN_OBJC_IMPLICIT_RETAIN_SELF = YES;
				CLANG_WARN_OBJC_LITERAL_CONVERSION = YES;
				CLANG_WARN_OBJC_ROOT_CLASS = YES_ERROR;
				CLANG_WARN_QUOTED_INCLUDE_IN_FRAMEWORK_HEADER = YES;
				CLANG_WARN_RANGE_LOOP_ANALYSIS = YES;
				CLANG_WARN_STRICT_PROTOTYPES = YES;
				CLANG_WARN_SUSPICIOUS_MOVE = YES;
				CLANG_WARN_UNGUARDED_AVAILABILITY = YES_AGGRESSIVE;
				CLANG_WARN_UNREACHABLE_CODE = YES;
				CLANG_WARN__DUPLICATE_METHOD_MATCH = YES;
				COPY_PHASE_STRIP = NO;
				DEBUG_INFORMATION_FORMAT = dwarf;
				ENABLE_STRICT_OBJC_MSGSEND = YES;
				ENABLE_TESTABILITY = YES;
				ENABLE_USER_SCRIPT_SANDBOXING = YES;
				GCC_C_LANGUAGE_STANDARD = gnu17;
				GCC_DYNAMIC_NO_PIC = NO;
				GCC_NO_COMMON_BLOCKS = YES;
				GCC_OPTIMIZATION_LEVEL = 0;
				GCC_PREPROCESSOR_DEFINITIONS = (
					"DEBUG=1",
					"$(inherited)",
				);
				GCC_WARN_64_TO_32_BIT_CONVERSION = YES;
				GCC_WARN_ABOUT_RETURN_TYPE = YES_ERROR;
				GCC_WARN_UNDECLARED_SELECTOR = YES;
				GCC_WARN_UNINITIALIZED_AUTOS = YES_AGGRESSIVE;
				GCC_WARN_UNUSED_FUNCTION = YES;
				GCC_WARN_UNUSED_VARIABLE = YES;
				IPHONEOS_DEPLOYMENT_TARGET = 17.5;
				LOCALIZATION_PREFERS_STRING_CATALOGS = YES;
				MTL_ENABLE_DEBUG_INFO = INCLUDE_SOURCE;
				MTL_FAST_MATH = YES;
				ONLY_ACTIVE_ARCH = YES;
				SDKROOT = iphoneos;
				SWIFT_ACTIVE_COMPILATION_CONDITIONS = "DEBUG $(inherited)";
				SWIFT_OPTIMIZATION_LEVEL = "-Onone";
			};
			name = Debug;
		};
		6D3C889F2C6217CC00CD69BB /* Release */ = {
			isa = XCBuildConfiguration;
			buildSettings = {
				ALWAYS_SEARCH_USER_PATHS = NO;
				ASSETCATALOG_COMPILER_GENERATE_SWIFT_ASSET_SYMBOL_EXTENSIONS = YES;
				CLANG_ANALYZER_NONNULL = YES;
				CLANG_ANALYZER_NUMBER_OBJECT_CONVERSION = YES_AGGRESSIVE;
				CLANG_CXX_LANGUAGE_STANDARD = "gnu++20";
				CLANG_ENABLE_MODULES = YES;
				CLANG_ENABLE_OBJC_ARC = YES;
				CLANG_ENABLE_OBJC_WEAK = YES;
				CLANG_WARN_BLOCK_CAPTURE_AUTORELEASING = YES;
				CLANG_WARN_BOOL_CONVERSION = YES;
				CLANG_WARN_COMMA = YES;
				CLANG_WARN_CONSTANT_CONVERSION = YES;
				CLANG_WARN_DEPRECATED_OBJC_IMPLEMENTATIONS = YES;
				CLANG_WARN_DIRECT_OBJC_ISA_USAGE = YES_ERROR;
				CLANG_WARN_DOCUMENTATION_COMMENTS = YES;
				CLANG_WARN_EMPTY_BODY = YES;
				CLANG_WARN_ENUM_CONVERSION = YES;
				CLANG_WARN_INFINITE_RECURSION = YES;
				CLANG_WARN_INT_CONVERSION = YES;
				CLANG_WARN_NON_LITERAL_NULL_CONVERSION = YES;
				CLANG_WARN_OBJC_IMPLICIT_RETAIN_SELF = YES;
				CLANG_WARN_OBJC_LITERAL_CONVERSION = YES;
				CLANG_WARN_OBJC_ROOT_CLASS = YES_ERROR;
				CLANG_WARN_QUOTED_INCLUDE_IN_FRAMEWORK_HEADER = YES;
				CLANG_WARN_RANGE_LOOP_ANALYSIS = YES;
				CLANG_WARN_STRICT_PROTOTYPES = YES;
				CLANG_WARN_SUSPICIOUS_MOVE = YES;
				CLANG_WARN_UNGUARDED_AVAILABILITY = YES_AGGRESSIVE;
				CLANG_WARN_UNREACHABLE_CODE = YES;
				CLANG_WARN__DUPLICATE_METHOD_MATCH = YES;
				COPY_PHASE_STRIP = NO;
				DEBUG_INFORMATION_FORMAT = "dwarf-with-dsym";
				ENABLE_NS_ASSERTIONS = NO;
				ENABLE_STRICT_OBJC_MSGSEND = YES;
				ENABLE_USER_SCRIPT_SANDBOXING = YES;
				GCC_C_LANGUAGE_STANDARD = gnu17;
				GCC_NO_COMMON_BLOCKS = YES;
				GCC_WARN_64_TO_32_BIT_CONVERSION = YES;
				GCC_WARN_ABOUT_RETURN_TYPE = YES_ERROR;
				GCC_WARN_UNDECLARED_SELECTOR = YES;
				GCC_WARN_UNINITIALIZED_AUTOS = YES_AGGRESSIVE;
				GCC_WARN_UNUSED_FUNCTION = YES;
				GCC_WARN_UNUSED_VARIABLE = YES;
				IPHONEOS_DEPLOYMENT_TARGET = 17.5;
				LOCALIZATION_PREFERS_STRING_CATALOGS = YES;
				MTL_ENABLE_DEBUG_INFO = NO;
				MTL_FAST_MATH = YES;
				SDKROOT = iphoneos;
				SWIFT_COMPILATION_MODE = wholemodule;
				VALIDATE_PRODUCT = YES;
			};
			name = Release;
		};
		6D3C88A12C6217CC00CD69BB /* Debug */ = {
			isa = XCBuildConfiguration;
			buildSettings = {
				ASSETCATALOG_COMPILER_APPICON_NAME = AppIcon;
				ASSETCATALOG_COMPILER_GLOBAL_ACCENT_COLOR_NAME = AccentColor;
				CODE_SIGN_STYLE = Automatic;
				CURRENT_PROJECT_VERSION = 1;
				DEVELOPMENT_TEAM = X22675CXL2;
				GENERATE_INFOPLIST_FILE = YES;
				INFOPLIST_FILE = DateFormatTest/Info.plist;
				INFOPLIST_KEY_UIApplicationSupportsIndirectInputEvents = YES;
				INFOPLIST_KEY_UILaunchStoryboardName = LaunchScreen;
				INFOPLIST_KEY_UIMainStoryboardFile = Main;
				INFOPLIST_KEY_UISupportedInterfaceOrientations_iPad = "UIInterfaceOrientationPortrait UIInterfaceOrientationPortraitUpsideDown UIInterfaceOrientationLandscapeLeft UIInterfaceOrientationLandscapeRight";
				INFOPLIST_KEY_UISupportedInterfaceOrientations_iPhone = "UIInterfaceOrientationPortrait UIInterfaceOrientationLandscapeLeft UIInterfaceOrientationLandscapeRight";
				IPHONEOS_DEPLOYMENT_TARGET = 13.0;
				LD_RUNPATH_SEARCH_PATHS = (
					"$(inherited)",
					"@executable_path/Frameworks",
				);
				MARKETING_VERSION = 1.0;
				PRODUCT_BUNDLE_IDENTIFIER = com.lizhi.DateFormatTest;
				PRODUCT_NAME = "$(TARGET_NAME)";
				SWIFT_EMIT_LOC_STRINGS = YES;
				SWIFT_VERSION = 5.0;
				TARGETED_DEVICE_FAMILY = "1,2";
			};
			name = Debug;
		};
		6D3C88A22C6217CC00CD69BB /* Release */ = {
			isa = XCBuildConfiguration;
			buildSettings = {
				ASSETCATALOG_COMPILER_APPICON_NAME = AppIcon;
				ASSETCATALOG_COMPILER_GLOBAL_ACCENT_COLOR_NAME = AccentColor;
				CODE_SIGN_STYLE = Automatic;
				CURRENT_PROJECT_VERSION = 1;
				DEVELOPMENT_TEAM = X22675CXL2;
				GENERATE_INFOPLIST_FILE = YES;
				INFOPLIST_FILE = DateFormatTest/Info.plist;
				INFOPLIST_KEY_UIApplicationSupportsIndirectInputEvents = YES;
				INFOPLIST_KEY_UILaunchStoryboardName = LaunchScreen;
				INFOPLIST_KEY_UIMainStoryboardFile = Main;
				INFOPLIST_KEY_UISupportedInterfaceOrientations_iPad = "UIInterfaceOrientationPortrait UIInterfaceOrientationPortraitUpsideDown UIInterfaceOrientationLandscapeLeft UIInterfaceOrientationLandscapeRight";
				INFOPLIST_KEY_UISupportedInterfaceOrientations_iPhone = "UIInterfaceOrientationPortrait UIInterfaceOrientationLandscapeLeft UIInterfaceOrientationLandscapeRight";
				IPHONEOS_DEPLOYMENT_TARGET = 13.0;
				LD_RUNPATH_SEARCH_PATHS = (
					"$(inherited)",
					"@executable_path/Frameworks",
				);
				MARKETING_VERSION = 1.0;
				PRODUCT_BUNDLE_IDENTIFIER = com.lizhi.DateFormatTest;
				PRODUCT_NAME = "$(TARGET_NAME)";
				SWIFT_EMIT_LOC_STRINGS = YES;
				SWIFT_VERSION = 5.0;
				TARGETED_DEVICE_FAMILY = "1,2";
			};
			name = Release;
		};
/* End XCBuildConfiguration section */

/* Begin XCConfigurationList section */
		6D3C88872C6217C600CD69BB /* Build configuration list for PBXProject "DateFormatTest" */ = {
			isa = XCConfigurationList;
			buildConfigurations = (
				6D3C889E2C6217CC00CD69BB /* Debug */,
				6D3C889F2C6217CC00CD69BB /* Release */,
			);
			defaultConfigurationIsVisible = 0;
			defaultConfigurationName = Release;
		};
		6D3C88A02C6217CC00CD69BB /* Build configuration list for PBXNativeTarget "DateFormatTest" */ = {
			isa = XCConfigurationList;
			buildConfigurations = (
				6D3C88A12C6217CC00CD69BB /* Debug */,
				6D3C88A22C6217CC00CD69BB /* Release */,
			);
			defaultConfigurationIsVisible = 0;
			defaultConfigurationName = Release;
		};
/* End XCConfigurationList section */
	};
	rootObject = 6D3C88842C6217C600CD69BB /* Project object */;
}
