// !$*UTF8*$!
{
	archiveVersion = 1;
	classes = {
	};
	objectVersion = 56;
	objects = {

/* Begin PBXBuildFile section */
		6D5706B92B1EF73B00D51482 /* AppDelegate.swift in Sources */ = {isa = PBXBuildFile; fileRef = 6D5706B82B1EF73B00D51482 /* AppDelegate.swift */; };
		6D5706BB2B1EF73B00D51482 /* SceneDelegate.swift in Sources */ = {isa = PBXBuildFile; fileRef = 6D5706BA2B1EF73B00D51482 /* SceneDelegate.swift */; };
		6D5706BD2B1EF73B00D51482 /* ViewController.swift in Sources */ = {isa = PBXBuildFile; fileRef = 6D5706BC2B1EF73B00D51482 /* ViewController.swift */; };
		6D5706C02B1EF73B00D51482 /* Main.storyboard in Resources */ = {isa = PBXBuildFile; fileRef = 6D5706BE2B1EF73B00D51482 /* Main.storyboard */; };
		6D5706C22B1EF73D00D51482 /* Assets.xcassets in Resources */ = {isa = PBXBuildFile; fileRef = 6D5706C12B1EF73D00D51482 /* Assets.xcassets */; };
		6D5706C52B1EF73D00D51482 /* LaunchScreen.storyboard in Resources */ = {isa = PBXBuildFile; fileRef = 6D5706C32B1EF73D00D51482 /* LaunchScreen.storyboard */; };
		6D5706CD2B1EFA8900D51482 /* LZDetailViewController.swift in Sources */ = {isa = PBXBuildFile; fileRef = 6D5706CC2B1EFA8900D51482 /* LZDetailViewController.swift */; };
		6DBE75652B1F2DC20080BC94 /* LZPresentationController.swift in Sources */ = {isa = PBXBuildFile; fileRef = 6DBE75642B1F2DC20080BC94 /* LZPresentationController.swift */; };
		6DBE75672B208ABC0080BC94 /* MOPresentationController.swift in Sources */ = {isa = PBXBuildFile; fileRef = 6DBE75662B208ABC0080BC94 /* MOPresentationController.swift */; };
		EF8DC84E21D0EA5602DFDEE4 /* Pods_LZTransitionDemo.framework in Frameworks */ = {isa = PBXBuildFile; fileRef = 26E73814BDD170AB5541705E /* Pods_LZTransitionDemo.framework */; };
/* End PBXBuildFile section */

/* Begin PBXFileReference section */
		26E73814BDD170AB5541705E /* Pods_LZTransitionDemo.framework */ = {isa = PBXFileReference; explicitFileType = wrapper.framework; includeInIndex = 0; path = Pods_LZTransitionDemo.framework; sourceTree = BUILT_PRODUCTS_DIR; };
		5C392C6A25A112EF4EC4457F /* Pods-LZTransitionDemo.release.xcconfig */ = {isa = PBXFileReference; includeInIndex = 1; lastKnownFileType = text.xcconfig; name = "Pods-LZTransitionDemo.release.xcconfig"; path = "Target Support Files/Pods-LZTransitionDemo/Pods-LZTransitionDemo.release.xcconfig"; sourceTree = "<group>"; };
		6D5706B52B1EF73B00D51482 /* LZTransitionDemo.app */ = {isa = PBXFileReference; explicitFileType = wrapper.application; includeInIndex = 0; path = LZTransitionDemo.app; sourceTree = BUILT_PRODUCTS_DIR; };
		6D5706B82B1EF73B00D51482 /* AppDelegate.swift */ = {isa = PBXFileReference; lastKnownFileType = sourcecode.swift; path = AppDelegate.swift; sourceTree = "<group>"; };
		6D5706BA2B1EF73B00D51482 /* SceneDelegate.swift */ = {isa = PBXFileReference; lastKnownFileType = sourcecode.swift; path = SceneDelegate.swift; sourceTree = "<group>"; };
		6D5706BC2B1EF73B00D51482 /* ViewController.swift */ = {isa = PBXFileReference; lastKnownFileType = sourcecode.swift; path = ViewController.swift; sourceTree = "<group>"; };
		6D5706BF2B1EF73B00D51482 /* Base */ = {isa = PBXFileReference; lastKnownFileType = file.storyboard; name = Base; path = Base.lproj/Main.storyboard; sourceTree = "<group>"; };
		6D5706C12B1EF73D00D51482 /* Assets.xcassets */ = {isa = PBXFileReference; lastKnownFileType = folder.assetcatalog; path = Assets.xcassets; sourceTree = "<group>"; };
		6D5706C42B1EF73D00D51482 /* Base */ = {isa = PBXFileReference; lastKnownFileType = file.storyboard; name = Base; path = Base.lproj/LaunchScreen.storyboard; sourceTree = "<group>"; };
		6D5706C62B1EF73D00D51482 /* Info.plist */ = {isa = PBXFileReference; lastKnownFileType = text.plist.xml; path = Info.plist; sourceTree = "<group>"; };
		6D5706CC2B1EFA8900D51482 /* LZDetailViewController.swift */ = {isa = PBXFileReference; lastKnownFileType = sourcecode.swift; path = LZDetailViewController.swift; sourceTree = "<group>"; };
		6DBE75642B1F2DC20080BC94 /* LZPresentationController.swift */ = {isa = PBXFileReference; lastKnownFileType = sourcecode.swift; path = LZPresentationController.swift; sourceTree = "<group>"; };
		6DBE75662B208ABC0080BC94 /* MOPresentationController.swift */ = {isa = PBXFileReference; fileEncoding = 4; lastKnownFileType = sourcecode.swift; path = MOPresentationController.swift; sourceTree = "<group>"; };
		CE5FB87F0324A87C12994C6C /* Pods-LZTransitionDemo.debug.xcconfig */ = {isa = PBXFileReference; includeInIndex = 1; lastKnownFileType = text.xcconfig; name = "Pods-LZTransitionDemo.debug.xcconfig"; path = "Target Support Files/Pods-LZTransitionDemo/Pods-LZTransitionDemo.debug.xcconfig"; sourceTree = "<group>"; };
/* End PBXFileReference section */

/* Begin PBXFrameworksBuildPhase section */
		6D5706B22B1EF73B00D51482 /* Frameworks */ = {
			isa = PBXFrameworksBuildPhase;
			buildActionMask = 2147483647;
			files = (
				EF8DC84E21D0EA5602DFDEE4 /* Pods_LZTransitionDemo.framework in Frameworks */,
			);
			runOnlyForDeploymentPostprocessing = 0;
		};
/* End PBXFrameworksBuildPhase section */

/* Begin PBXGroup section */
		6D5706AC2B1EF73B00D51482 = {
			isa = PBXGroup;
			children = (
				6D5706B72B1EF73B00D51482 /* LZTransitionDemo */,
				6D5706B62B1EF73B00D51482 /* Products */,
				E77C8438ACE96DB63C5A16A5 /* Pods */,
				C10C8355D1145926DF86098F /* Frameworks */,
			);
			sourceTree = "<group>";
		};
		6D5706B62B1EF73B00D51482 /* Products */ = {
			isa = PBXGroup;
			children = (
				6D5706B52B1EF73B00D51482 /* LZTransitionDemo.app */,
			);
			name = Products;
			sourceTree = "<group>";
		};
		6D5706B72B1EF73B00D51482 /* LZTransitionDemo */ = {
			isa = PBXGroup;
			children = (
				6D5706B82B1EF73B00D51482 /* AppDelegate.swift */,
				6D5706BA2B1EF73B00D51482 /* SceneDelegate.swift */,
				6D5706BC2B1EF73B00D51482 /* ViewController.swift */,
				6D5706BE2B1EF73B00D51482 /* Main.storyboard */,
				6D5706CC2B1EFA8900D51482 /* LZDetailViewController.swift */,
				6DBE75642B1F2DC20080BC94 /* LZPresentationController.swift */,
				6DBE75662B208ABC0080BC94 /* MOPresentationController.swift */,
				6D5706C12B1EF73D00D51482 /* Assets.xcassets */,
				6D5706C32B1EF73D00D51482 /* LaunchScreen.storyboard */,
				6D5706C62B1EF73D00D51482 /* Info.plist */,
			);
			path = LZTransitionDemo;
			sourceTree = "<group>";
		};
		C10C8355D1145926DF86098F /* Frameworks */ = {
			isa = PBXGroup;
			children = (
				26E73814BDD170AB5541705E /* Pods_LZTransitionDemo.framework */,
			);
			name = Frameworks;
			sourceTree = "<group>";
		};
		E77C8438ACE96DB63C5A16A5 /* Pods */ = {
			isa = PBXGroup;
			children = (
				CE5FB87F0324A87C12994C6C /* Pods-LZTransitionDemo.debug.xcconfig */,
				5C392C6A25A112EF4EC4457F /* Pods-LZTransitionDemo.release.xcconfig */,
			);
			path = Pods;
			sourceTree = "<group>";
		};
/* End PBXGroup section */

/* Begin PBXNativeTarget section */
		6D5706B42B1EF73B00D51482 /* LZTransitionDemo */ = {
			isa = PBXNativeTarget;
			buildConfigurationList = 6D5706C92B1EF73D00D51482 /* Build configuration list for PBXNativeTarget "LZTransitionDemo" */;
			buildPhases = (
				71BA88FA123F0C537F7DE6B4 /* [CP] Check Pods Manifest.lock */,
				6D5706B12B1EF73B00D51482 /* Sources */,
				6D5706B22B1EF73B00D51482 /* Frameworks */,
				6D5706B32B1EF73B00D51482 /* Resources */,
				6C4FE57DCCA2082466D46C87 /* [CP] Embed Pods Frameworks */,
			);
			buildRules = (
			);
			dependencies = (
			);
			name = LZTransitionDemo;
			productName = LZTransitionDemo;
			productReference = 6D5706B52B1EF73B00D51482 /* LZTransitionDemo.app */;
			productType = "com.apple.product-type.application";
		};
/* End PBXNativeTarget section */

/* Begin PBXProject section */
		6D5706AD2B1EF73B00D51482 /* Project object */ = {
			isa = PBXProject;
			attributes = {
				BuildIndependentTargetsInParallel = 1;
				LastSwiftUpdateCheck = 1500;
				LastUpgradeCheck = 1500;
				TargetAttributes = {
					6D5706B42B1EF73B00D51482 = {
						CreatedOnToolsVersion = 15.0.1;
					};
				};
			};
			buildConfigurationList = 6D5706B02B1EF73B00D51482 /* Build configuration list for PBXProject "LZTransitionDemo" */;
			compatibilityVersion = "Xcode 14.0";
			developmentRegion = en;
			hasScannedForEncodings = 0;
			knownRegions = (
				en,
				Base,
			);
			mainGroup = 6D5706AC2B1EF73B00D51482;
			productRefGroup = 6D5706B62B1EF73B00D51482 /* Products */;
			projectDirPath = "";
			projectRoot = "";
			targets = (
				6D5706B42B1EF73B00D51482 /* LZTransitionDemo */,
			);
		};
/* End PBXProject section */

/* Begin PBXResourcesBuildPhase section */
		6D5706B32B1EF73B00D51482 /* Resources */ = {
			isa = PBXResourcesBuildPhase;
			buildActionMask = 2147483647;
			files = (
				6D5706C52B1EF73D00D51482 /* LaunchScreen.storyboard in Resources */,
				6D5706C22B1EF73D00D51482 /* Assets.xcassets in Resources */,
				6D5706C02B1EF73B00D51482 /* Main.storyboard in Resources */,
			);
			runOnlyForDeploymentPostprocessing = 0;
		};
/* End PBXResourcesBuildPhase section */

/* Begin PBXShellScriptBuildPhase section */
		6C4FE57DCCA2082466D46C87 /* [CP] Embed Pods Frameworks */ = {
			isa = PBXShellScriptBuildPhase;
			buildActionMask = 2147483647;
			files = (
			);
			inputFileListPaths = (
				"${PODS_ROOT}/Target Support Files/Pods-LZTransitionDemo/Pods-LZTransitionDemo-frameworks-${CONFIGURATION}-input-files.xcfilelist",
			);
			name = "[CP] Embed Pods Frameworks";
			outputFileListPaths = (
				"${PODS_ROOT}/Target Support Files/Pods-LZTransitionDemo/Pods-LZTransitionDemo-frameworks-${CONFIGURATION}-output-files.xcfilelist",
			);
			runOnlyForDeploymentPostprocessing = 0;
			shellPath = /bin/sh;
			shellScript = "\"${PODS_ROOT}/Target Support Files/Pods-LZTransitionDemo/Pods-LZTransitionDemo-frameworks.sh\"\n";
			showEnvVarsInLog = 0;
		};
		71BA88FA123F0C537F7DE6B4 /* [CP] Check Pods Manifest.lock */ = {
			isa = PBXShellScriptBuildPhase;
			buildActionMask = 2147483647;
			files = (
			);
			inputFileListPaths = (
			);
			inputPaths = (
				"${PODS_PODFILE_DIR_PATH}/Podfile.lock",
				"${PODS_ROOT}/Manifest.lock",
			);
			name = "[CP] Check Pods Manifest.lock";
			outputFileListPaths = (
			);
			outputPaths = (
				"$(DERIVED_FILE_DIR)/Pods-LZTransitionDemo-checkManifestLockResult.txt",
			);
			runOnlyForDeploymentPostprocessing = 0;
			shellPath = /bin/sh;
			shellScript = "diff \"${PODS_PODFILE_DIR_PATH}/Podfile.lock\" \"${PODS_ROOT}/Manifest.lock\" > /dev/null\nif [ $? != 0 ] ; then\n    # print error to STDERR\n    echo \"error: The sandbox is not in sync with the Podfile.lock. Run 'pod install' or update your CocoaPods installation.\" >&2\n    exit 1\nfi\n# This output is used by Xcode 'outputs' to avoid re-running this script phase.\necho \"SUCCESS\" > \"${SCRIPT_OUTPUT_FILE_0}\"\n";
			showEnvVarsInLog = 0;
		};
/* End PBXShellScriptBuildPhase section */

/* Begin PBXSourcesBuildPhase section */
		6D5706B12B1EF73B00D51482 /* Sources */ = {
			isa = PBXSourcesBuildPhase;
			buildActionMask = 2147483647;
			files = (
				6D5706BD2B1EF73B00D51482 /* ViewController.swift in Sources */,
				6DBE75672B208ABC0080BC94 /* MOPresentationController.swift in Sources */,
				6DBE75652B1F2DC20080BC94 /* LZPresentationController.swift in Sources */,
				6D5706B92B1EF73B00D51482 /* AppDelegate.swift in Sources */,
				6D5706BB2B1EF73B00D51482 /* SceneDelegate.swift in Sources */,
				6D5706CD2B1EFA8900D51482 /* LZDetailViewController.swift in Sources */,
			);
			runOnlyForDeploymentPostprocessing = 0;
		};
/* End PBXSourcesBuildPhase section */

/* Begin PBXVariantGroup section */
		6D5706BE2B1EF73B00D51482 /* Main.storyboard */ = {
			isa = PBXVariantGroup;
			children = (
				6D5706BF2B1EF73B00D51482 /* Base */,
			);
			name = Main.storyboard;
			sourceTree = "<group>";
		};
		6D5706C32B1EF73D00D51482 /* LaunchScreen.storyboard */ = {
			isa = PBXVariantGroup;
			children = (
				6D5706C42B1EF73D00D51482 /* Base */,
			);
			name = LaunchScreen.storyboard;
			sourceTree = "<group>";
		};
/* End PBXVariantGroup section */

/* Begin XCBuildConfiguration section */
		6D5706C72B1EF73D00D51482 /* Debug */ = {
			isa = XCBuildConfiguration;
			buildSettings = {
				ALWAYS_SEARCH_USER_PATHS = NO;
				ASSETCATALOG_COMPILER_GENERATE_SWIFT_ASSET_SYMBOL_EXTENSIONS = YES;
				CLANG_ANALYZER_NONNULL = YES;
				CLANG_ANALYZER_NUMBER_OBJECT_CONVERSION = YES_AGGRESSIVE;
				CLANG_CXX_LANGUAGE_STANDARD = "gnu++20";
				CLANG_ENABLE_MODULES = YES;
				CLANG_ENABLE_OBJC_ARC = YES;
				CLANG_ENABLE_OBJC_WEAK = YES;
				CLANG_WARN_BLOCK_CAPTURE_AUTORELEASING = YES;
				CLANG_WARN_BOOL_CONVERSION = YES;
				CLANG_WARN_COMMA = YES;
				CLANG_WARN_CONSTANT_CONVERSION = YES;
				CLANG_WARN_DEPRECATED_OBJC_IMPLEMENTATIONS = YES;
				CLANG_WARN_DIRECT_OBJC_ISA_USAGE = YES_ERROR;
				CLANG_WARN_DOCUMENTATION_COMMENTS = YES;
				CLANG_WARN_EMPTY_BODY = YES;
				CLANG_WARN_ENUM_CONVERSION = YES;
				CLANG_WARN_INFINITE_RECURSION = YES;
				CLANG_WARN_INT_CONVERSION = YES;
				CLANG_WARN_NON_LITERAL_NULL_CONVERSION = YES;
				CLANG_WARN_OBJC_IMPLICIT_RETAIN_SELF = YES;
				CLANG_WARN_OBJC_LITERAL_CONVERSION = YES;
				CLANG_WARN_OBJC_ROOT_CLASS = YES_ERROR;
				CLANG_WARN_QUOTED_INCLUDE_IN_FRAMEWORK_HEADER = YES;
				CLANG_WARN_RANGE_LOOP_ANALYSIS = YES;
				CLANG_WARN_STRICT_PROTOTYPES = YES;
				CLANG_WARN_SUSPICIOUS_MOVE = YES;
				CLANG_WARN_UNGUARDED_AVAILABILITY = YES_AGGRESSIVE;
				CLANG_WARN_UNREACHABLE_CODE = YES;
				CLANG_WARN__DUPLICATE_METHOD_MATCH = YES;
				COPY_PHASE_STRIP = NO;
				DEBUG_INFORMATION_FORMAT = dwarf;
				ENABLE_STRICT_OBJC_MSGSEND = YES;
				ENABLE_TESTABILITY = YES;
				ENABLE_USER_SCRIPT_SANDBOXING = YES;
				GCC_C_LANGUAGE_STANDARD = gnu17;
				GCC_DYNAMIC_NO_PIC = NO;
				GCC_NO_COMMON_BLOCKS = YES;
				GCC_OPTIMIZATION_LEVEL = 0;
				GCC_PREPROCESSOR_DEFINITIONS = (
					"DEBUG=1",
					"$(inherited)",
				);
				GCC_WARN_64_TO_32_BIT_CONVERSION = YES;
				GCC_WARN_ABOUT_RETURN_TYPE = YES_ERROR;
				GCC_WARN_UNDECLARED_SELECTOR = YES;
				GCC_WARN_UNINITIALIZED_AUTOS = YES_AGGRESSIVE;
				GCC_WARN_UNUSED_FUNCTION = YES;
				GCC_WARN_UNUSED_VARIABLE = YES;
				IPHONEOS_DEPLOYMENT_TARGET = 17.0;
				LOCALIZATION_PREFERS_STRING_CATALOGS = YES;
				MTL_ENABLE_DEBUG_INFO = INCLUDE_SOURCE;
				MTL_FAST_MATH = YES;
				ONLY_ACTIVE_ARCH = YES;
				SDKROOT = iphoneos;
				SWIFT_ACTIVE_COMPILATION_CONDITIONS = "DEBUG $(inherited)";
				SWIFT_OPTIMIZATION_LEVEL = "-Onone";
			};
			name = Debug;
		};
		6D5706C82B1EF73D00D51482 /* Release */ = {
			isa = XCBuildConfiguration;
			buildSettings = {
				ALWAYS_SEARCH_USER_PATHS = NO;
				ASSETCATALOG_COMPILER_GENERATE_SWIFT_ASSET_SYMBOL_EXTENSIONS = YES;
				CLANG_ANALYZER_NONNULL = YES;
				CLANG_ANALYZER_NUMBER_OBJECT_CONVERSION = YES_AGGRESSIVE;
				CLANG_CXX_LANGUAGE_STANDARD = "gnu++20";
				CLANG_ENABLE_MODULES = YES;
				CLANG_ENABLE_OBJC_ARC = YES;
				CLANG_ENABLE_OBJC_WEAK = YES;
				CLANG_WARN_BLOCK_CAPTURE_AUTORELEASING = YES;
				CLANG_WARN_BOOL_CONVERSION = YES;
				CLANG_WARN_COMMA = YES;
				CLANG_WARN_CONSTANT_CONVERSION = YES;
				CLANG_WARN_DEPRECATED_OBJC_IMPLEMENTATIONS = YES;
				CLANG_WARN_DIRECT_OBJC_ISA_USAGE = YES_ERROR;
				CLANG_WARN_DOCUMENTATION_COMMENTS = YES;
				CLANG_WARN_EMPTY_BODY = YES;
				CLANG_WARN_ENUM_CONVERSION = YES;
				CLANG_WARN_INFINITE_RECURSION = YES;
				CLANG_WARN_INT_CONVERSION = YES;
				CLANG_WARN_NON_LITERAL_NULL_CONVERSION = YES;
				CLANG_WARN_OBJC_IMPLICIT_RETAIN_SELF = YES;
				CLANG_WARN_OBJC_LITERAL_CONVERSION = YES;
				CLANG_WARN_OBJC_ROOT_CLASS = YES_ERROR;
				CLANG_WARN_QUOTED_INCLUDE_IN_FRAMEWORK_HEADER = YES;
				CLANG_WARN_RANGE_LOOP_ANALYSIS = YES;
				CLANG_WARN_STRICT_PROTOTYPES = YES;
				CLANG_WARN_SUSPICIOUS_MOVE = YES;
				CLANG_WARN_UNGUARDED_AVAILABILITY = YES_AGGRESSIVE;
				CLANG_WARN_UNREACHABLE_CODE = YES;
				CLANG_WARN__DUPLICATE_METHOD_MATCH = YES;
				COPY_PHASE_STRIP = NO;
				DEBUG_INFORMATION_FORMAT = "dwarf-with-dsym";
				ENABLE_NS_ASSERTIONS = NO;
				ENABLE_STRICT_OBJC_MSGSEND = YES;
				ENABLE_USER_SCRIPT_SANDBOXING = YES;
				GCC_C_LANGUAGE_STANDARD = gnu17;
				GCC_NO_COMMON_BLOCKS = YES;
				GCC_WARN_64_TO_32_BIT_CONVERSION = YES;
				GCC_WARN_ABOUT_RETURN_TYPE = YES_ERROR;
				GCC_WARN_UNDECLARED_SELECTOR = YES;
				GCC_WARN_UNINITIALIZED_AUTOS = YES_AGGRESSIVE;
				GCC_WARN_UNUSED_FUNCTION = YES;
				GCC_WARN_UNUSED_VARIABLE = YES;
				IPHONEOS_DEPLOYMENT_TARGET = 17.0;
				LOCALIZATION_PREFERS_STRING_CATALOGS = YES;
				MTL_ENABLE_DEBUG_INFO = NO;
				MTL_FAST_MATH = YES;
				SDKROOT = iphoneos;
				SWIFT_COMPILATION_MODE = wholemodule;
				VALIDATE_PRODUCT = YES;
			};
			name = Release;
		};
		6D5706CA2B1EF73D00D51482 /* Debug */ = {
			isa = XCBuildConfiguration;
			baseConfigurationReference = CE5FB87F0324A87C12994C6C /* Pods-LZTransitionDemo.debug.xcconfig */;
			buildSettings = {
				ASSETCATALOG_COMPILER_APPICON_NAME = AppIcon;
				ASSETCATALOG_COMPILER_GLOBAL_ACCENT_COLOR_NAME = AccentColor;
				CODE_SIGN_STYLE = Automatic;
				CURRENT_PROJECT_VERSION = 1;
				DEVELOPMENT_TEAM = 5GAWG88GR9;
				ENABLE_USER_SCRIPT_SANDBOXING = NO;
				GENERATE_INFOPLIST_FILE = YES;
				INFOPLIST_FILE = LZTransitionDemo/Info.plist;
				INFOPLIST_KEY_UIApplicationSupportsIndirectInputEvents = YES;
				INFOPLIST_KEY_UILaunchStoryboardName = LaunchScreen;
				INFOPLIST_KEY_UIMainStoryboardFile = Main;
				INFOPLIST_KEY_UISupportedInterfaceOrientations_iPad = "UIInterfaceOrientationPortrait UIInterfaceOrientationPortraitUpsideDown UIInterfaceOrientationLandscapeLeft UIInterfaceOrientationLandscapeRight";
				INFOPLIST_KEY_UISupportedInterfaceOrientations_iPhone = "UIInterfaceOrientationPortrait UIInterfaceOrientationLandscapeLeft UIInterfaceOrientationLandscapeRight";
				IPHONEOS_DEPLOYMENT_TARGET = 17.0;
				LD_RUNPATH_SEARCH_PATHS = (
					"$(inherited)",
					"@executable_path/Frameworks",
				);
				MARKETING_VERSION = 1.0;
				PRODUCT_BUNDLE_IDENTIFIER = com.LZStructure.LZTransitionDemo;
				PRODUCT_NAME = "$(TARGET_NAME)";
				SWIFT_EMIT_LOC_STRINGS = YES;
				SWIFT_VERSION = 5.0;
				TARGETED_DEVICE_FAMILY = "1,2";
			};
			name = Debug;
		};
		6D5706CB2B1EF73D00D51482 /* Release */ = {
			isa = XCBuildConfiguration;
			baseConfigurationReference = 5C392C6A25A112EF4EC4457F /* Pods-LZTransitionDemo.release.xcconfig */;
			buildSettings = {
				ASSETCATALOG_COMPILER_APPICON_NAME = AppIcon;
				ASSETCATALOG_COMPILER_GLOBAL_ACCENT_COLOR_NAME = AccentColor;
				CODE_SIGN_STYLE = Automatic;
				CURRENT_PROJECT_VERSION = 1;
				DEVELOPMENT_TEAM = 5GAWG88GR9;
				ENABLE_USER_SCRIPT_SANDBOXING = NO;
				GENERATE_INFOPLIST_FILE = YES;
				INFOPLIST_FILE = LZTransitionDemo/Info.plist;
				INFOPLIST_KEY_UIApplicationSupportsIndirectInputEvents = YES;
				INFOPLIST_KEY_UILaunchStoryboardName = LaunchScreen;
				INFOPLIST_KEY_UIMainStoryboardFile = Main;
				INFOPLIST_KEY_UISupportedInterfaceOrientations_iPad = "UIInterfaceOrientationPortrait UIInterfaceOrientationPortraitUpsideDown UIInterfaceOrientationLandscapeLeft UIInterfaceOrientationLandscapeRight";
				INFOPLIST_KEY_UISupportedInterfaceOrientations_iPhone = "UIInterfaceOrientationPortrait UIInterfaceOrientationLandscapeLeft UIInterfaceOrientationLandscapeRight";
				IPHONEOS_DEPLOYMENT_TARGET = 17.0;
				LD_RUNPATH_SEARCH_PATHS = (
					"$(inherited)",
					"@executable_path/Frameworks",
				);
				MARKETING_VERSION = 1.0;
				PRODUCT_BUNDLE_IDENTIFIER = com.LZStructure.LZTransitionDemo;
				PRODUCT_NAME = "$(TARGET_NAME)";
				SWIFT_EMIT_LOC_STRINGS = YES;
				SWIFT_VERSION = 5.0;
				TARGETED_DEVICE_FAMILY = "1,2";
			};
			name = Release;
		};
/* End XCBuildConfiguration section */

/* Begin XCConfigurationList section */
		6D5706B02B1EF73B00D51482 /* Build configuration list for PBXProject "LZTransitionDemo" */ = {
			isa = XCConfigurationList;
			buildConfigurations = (
				6D5706C72B1EF73D00D51482 /* Debug */,
				6D5706C82B1EF73D00D51482 /* Release */,
			);
			defaultConfigurationIsVisible = 0;
			defaultConfigurationName = Release;
		};
		6D5706C92B1EF73D00D51482 /* Build configuration list for PBXNativeTarget "LZTransitionDemo" */ = {
			isa = XCConfigurationList;
			buildConfigurations = (
				6D5706CA2B1EF73D00D51482 /* Debug */,
				6D5706CB2B1EF73D00D51482 /* Release */,
			);
			defaultConfigurationIsVisible = 0;
			defaultConfigurationName = Release;
		};
/* End XCConfigurationList section */
	};
	rootObject = 6D5706AD2B1EF73B00D51482 /* Project object */;
}
