// !$*UTF8*$!
{
	archiveVersion = 1;
	classes = {
	};
	objectVersion = 56;
	objects = {

/* Begin PBXBuildFile section */
		6DDCF8492B32B60A00451D25 /* AppDelegate.swift in Sources */ = {isa = PBXBuildFile; fileRef = 6DDCF8482B32B60A00451D25 /* AppDelegate.swift */; };
		6DDCF84B2B32B60A00451D25 /* SceneDelegate.swift in Sources */ = {isa = PBXBuildFile; fileRef = 6DDCF84A2B32B60A00451D25 /* SceneDelegate.swift */; };
		6DDCF84D2B32B60A00451D25 /* ViewController.swift in Sources */ = {isa = PBXBuildFile; fileRef = 6DDCF84C2B32B60A00451D25 /* ViewController.swift */; };
		6DDCF8502B32B60A00451D25 /* Main.storyboard in Resources */ = {isa = PBXBuildFile; fileRef = 6DDCF84E2B32B60A00451D25 /* Main.storyboard */; };
		6DDCF8522B32B60D00451D25 /* Assets.xcassets in Resources */ = {isa = PBXBuildFile; fileRef = 6DDCF8512B32B60D00451D25 /* Assets.xcassets */; };
		6DDCF8552B32B60D00451D25 /* LaunchScreen.storyboard in Resources */ = {isa = PBXBuildFile; fileRef = 6DDCF8532B32B60D00451D25 /* LaunchScreen.storyboard */; };
		6DDCF85D2B32B68400451D25 /* LZCollectionPageFlowLayout.swift in Sources */ = {isa = PBXBuildFile; fileRef = 6DDCF85C2B32B68400451D25 /* LZCollectionPageFlowLayout.swift */; };
		6DDCF85F2B32B6E300451D25 /* BBHomeTopCollectionCell.swift in Sources */ = {isa = PBXBuildFile; fileRef = 6DDCF85E2B32B6E300451D25 /* BBHomeTopCollectionCell.swift */; };
		C372E7AA7F187D16852E68C3 /* Pods_LZLayout.framework in Frameworks */ = {isa = PBXBuildFile; fileRef = C061F11CC7F3B89D7D9BAEE1 /* Pods_LZLayout.framework */; };
/* End PBXBuildFile section */

/* Begin PBXFileReference section */
		28A8FCC8EDDC32F1DB38EE21 /* Pods-LZLayout.release.xcconfig */ = {isa = PBXFileReference; includeInIndex = 1; lastKnownFileType = text.xcconfig; name = "Pods-LZLayout.release.xcconfig"; path = "Target Support Files/Pods-LZLayout/Pods-LZLayout.release.xcconfig"; sourceTree = "<group>"; };
		6D4E130325B1EF76A0465990 /* Pods-LZLayout.debug.xcconfig */ = {isa = PBXFileReference; includeInIndex = 1; lastKnownFileType = text.xcconfig; name = "Pods-LZLayout.debug.xcconfig"; path = "Target Support Files/Pods-LZLayout/Pods-LZLayout.debug.xcconfig"; sourceTree = "<group>"; };
		6DDCF8452B32B60A00451D25 /* LZLayout.app */ = {isa = PBXFileReference; explicitFileType = wrapper.application; includeInIndex = 0; path = LZLayout.app; sourceTree = BUILT_PRODUCTS_DIR; };
		6DDCF8482B32B60A00451D25 /* AppDelegate.swift */ = {isa = PBXFileReference; lastKnownFileType = sourcecode.swift; path = AppDelegate.swift; sourceTree = "<group>"; };
		6DDCF84A2B32B60A00451D25 /* SceneDelegate.swift */ = {isa = PBXFileReference; lastKnownFileType = sourcecode.swift; path = SceneDelegate.swift; sourceTree = "<group>"; };
		6DDCF84C2B32B60A00451D25 /* ViewController.swift */ = {isa = PBXFileReference; lastKnownFileType = sourcecode.swift; path = ViewController.swift; sourceTree = "<group>"; };
		6DDCF84F2B32B60A00451D25 /* Base */ = {isa = PBXFileReference; lastKnownFileType = file.storyboard; name = Base; path = Base.lproj/Main.storyboard; sourceTree = "<group>"; };
		6DDCF8512B32B60D00451D25 /* Assets.xcassets */ = {isa = PBXFileReference; lastKnownFileType = folder.assetcatalog; path = Assets.xcassets; sourceTree = "<group>"; };
		6DDCF8542B32B60D00451D25 /* Base */ = {isa = PBXFileReference; lastKnownFileType = file.storyboard; name = Base; path = Base.lproj/LaunchScreen.storyboard; sourceTree = "<group>"; };
		6DDCF8562B32B60D00451D25 /* Info.plist */ = {isa = PBXFileReference; lastKnownFileType = text.plist.xml; path = Info.plist; sourceTree = "<group>"; };
		6DDCF85C2B32B68400451D25 /* LZCollectionPageFlowLayout.swift */ = {isa = PBXFileReference; lastKnownFileType = sourcecode.swift; path = LZCollectionPageFlowLayout.swift; sourceTree = "<group>"; };
		6DDCF85E2B32B6E300451D25 /* BBHomeTopCollectionCell.swift */ = {isa = PBXFileReference; fileEncoding = 4; lastKnownFileType = sourcecode.swift; path = BBHomeTopCollectionCell.swift; sourceTree = "<group>"; };
		C061F11CC7F3B89D7D9BAEE1 /* Pods_LZLayout.framework */ = {isa = PBXFileReference; explicitFileType = wrapper.framework; includeInIndex = 0; path = Pods_LZLayout.framework; sourceTree = BUILT_PRODUCTS_DIR; };
/* End PBXFileReference section */

/* Begin PBXFrameworksBuildPhase section */
		6DDCF8422B32B60A00451D25 /* Frameworks */ = {
			isa = PBXFrameworksBuildPhase;
			buildActionMask = 2147483647;
			files = (
				C372E7AA7F187D16852E68C3 /* Pods_LZLayout.framework in Frameworks */,
			);
			runOnlyForDeploymentPostprocessing = 0;
		};
/* End PBXFrameworksBuildPhase section */

/* Begin PBXGroup section */
		6DDCF83C2B32B60A00451D25 = {
			isa = PBXGroup;
			children = (
				6DDCF8472B32B60A00451D25 /* LZLayout */,
				6DDCF8462B32B60A00451D25 /* Products */,
				763307F14A047889AF133739 /* Pods */,
				B284E25B57390D81DB22E987 /* Frameworks */,
			);
			sourceTree = "<group>";
		};
		6DDCF8462B32B60A00451D25 /* Products */ = {
			isa = PBXGroup;
			children = (
				6DDCF8452B32B60A00451D25 /* LZLayout.app */,
			);
			name = Products;
			sourceTree = "<group>";
		};
		6DDCF8472B32B60A00451D25 /* LZLayout */ = {
			isa = PBXGroup;
			children = (
				6DDCF8602B32B6E900451D25 /* view */,
				6DDCF8482B32B60A00451D25 /* AppDelegate.swift */,
				6DDCF84A2B32B60A00451D25 /* SceneDelegate.swift */,
				6DDCF84C2B32B60A00451D25 /* ViewController.swift */,
				6DDCF84E2B32B60A00451D25 /* Main.storyboard */,
				6DDCF8512B32B60D00451D25 /* Assets.xcassets */,
				6DDCF8532B32B60D00451D25 /* LaunchScreen.storyboard */,
				6DDCF8562B32B60D00451D25 /* Info.plist */,
				6DDCF85C2B32B68400451D25 /* LZCollectionPageFlowLayout.swift */,
			);
			path = LZLayout;
			sourceTree = "<group>";
		};
		6DDCF8602B32B6E900451D25 /* view */ = {
			isa = PBXGroup;
			children = (
				6DDCF85E2B32B6E300451D25 /* BBHomeTopCollectionCell.swift */,
			);
			path = view;
			sourceTree = "<group>";
		};
		763307F14A047889AF133739 /* Pods */ = {
			isa = PBXGroup;
			children = (
				6D4E130325B1EF76A0465990 /* Pods-LZLayout.debug.xcconfig */,
				28A8FCC8EDDC32F1DB38EE21 /* Pods-LZLayout.release.xcconfig */,
			);
			path = Pods;
			sourceTree = "<group>";
		};
		B284E25B57390D81DB22E987 /* Frameworks */ = {
			isa = PBXGroup;
			children = (
				C061F11CC7F3B89D7D9BAEE1 /* Pods_LZLayout.framework */,
			);
			name = Frameworks;
			sourceTree = "<group>";
		};
/* End PBXGroup section */

/* Begin PBXNativeTarget section */
		6DDCF8442B32B60A00451D25 /* LZLayout */ = {
			isa = PBXNativeTarget;
			buildConfigurationList = 6DDCF8592B32B60D00451D25 /* Build configuration list for PBXNativeTarget "LZLayout" */;
			buildPhases = (
				1C943CC26E149E9A10976050 /* [CP] Check Pods Manifest.lock */,
				6DDCF8412B32B60A00451D25 /* Sources */,
				6DDCF8422B32B60A00451D25 /* Frameworks */,
				6DDCF8432B32B60A00451D25 /* Resources */,
				E84EA8033493E65F3FFAB19C /* [CP] Embed Pods Frameworks */,
			);
			buildRules = (
			);
			dependencies = (
			);
			name = LZLayout;
			productName = LZLayout;
			productReference = 6DDCF8452B32B60A00451D25 /* LZLayout.app */;
			productType = "com.apple.product-type.application";
		};
/* End PBXNativeTarget section */

/* Begin PBXProject section */
		6DDCF83D2B32B60A00451D25 /* Project object */ = {
			isa = PBXProject;
			attributes = {
				BuildIndependentTargetsInParallel = 1;
				LastSwiftUpdateCheck = 1500;
				LastUpgradeCheck = 1500;
				TargetAttributes = {
					6DDCF8442B32B60A00451D25 = {
						CreatedOnToolsVersion = 15.0.1;
					};
				};
			};
			buildConfigurationList = 6DDCF8402B32B60A00451D25 /* Build configuration list for PBXProject "LZLayout" */;
			compatibilityVersion = "Xcode 14.0";
			developmentRegion = en;
			hasScannedForEncodings = 0;
			knownRegions = (
				en,
				Base,
			);
			mainGroup = 6DDCF83C2B32B60A00451D25;
			productRefGroup = 6DDCF8462B32B60A00451D25 /* Products */;
			projectDirPath = "";
			projectRoot = "";
			targets = (
				6DDCF8442B32B60A00451D25 /* LZLayout */,
			);
		};
/* End PBXProject section */

/* Begin PBXResourcesBuildPhase section */
		6DDCF8432B32B60A00451D25 /* Resources */ = {
			isa = PBXResourcesBuildPhase;
			buildActionMask = 2147483647;
			files = (
				6DDCF8552B32B60D00451D25 /* LaunchScreen.storyboard in Resources */,
				6DDCF8522B32B60D00451D25 /* Assets.xcassets in Resources */,
				6DDCF8502B32B60A00451D25 /* Main.storyboard in Resources */,
			);
			runOnlyForDeploymentPostprocessing = 0;
		};
/* End PBXResourcesBuildPhase section */

/* Begin PBXShellScriptBuildPhase section */
		1C943CC26E149E9A10976050 /* [CP] Check Pods Manifest.lock */ = {
			isa = PBXShellScriptBuildPhase;
			buildActionMask = 2147483647;
			files = (
			);
			inputFileListPaths = (
			);
			inputPaths = (
				"${PODS_PODFILE_DIR_PATH}/Podfile.lock",
				"${PODS_ROOT}/Manifest.lock",
			);
			name = "[CP] Check Pods Manifest.lock";
			outputFileListPaths = (
			);
			outputPaths = (
				"$(DERIVED_FILE_DIR)/Pods-LZLayout-checkManifestLockResult.txt",
			);
			runOnlyForDeploymentPostprocessing = 0;
			shellPath = /bin/sh;
			shellScript = "diff \"${PODS_PODFILE_DIR_PATH}/Podfile.lock\" \"${PODS_ROOT}/Manifest.lock\" > /dev/null\nif [ $? != 0 ] ; then\n    # print error to STDERR\n    echo \"error: The sandbox is not in sync with the Podfile.lock. Run 'pod install' or update your CocoaPods installation.\" >&2\n    exit 1\nfi\n# This output is used by Xcode 'outputs' to avoid re-running this script phase.\necho \"SUCCESS\" > \"${SCRIPT_OUTPUT_FILE_0}\"\n";
			showEnvVarsInLog = 0;
		};
		E84EA8033493E65F3FFAB19C /* [CP] Embed Pods Frameworks */ = {
			isa = PBXShellScriptBuildPhase;
			buildActionMask = 2147483647;
			files = (
			);
			inputFileListPaths = (
				"${PODS_ROOT}/Target Support Files/Pods-LZLayout/Pods-LZLayout-frameworks-${CONFIGURATION}-input-files.xcfilelist",
			);
			name = "[CP] Embed Pods Frameworks";
			outputFileListPaths = (
				"${PODS_ROOT}/Target Support Files/Pods-LZLayout/Pods-LZLayout-frameworks-${CONFIGURATION}-output-files.xcfilelist",
			);
			runOnlyForDeploymentPostprocessing = 0;
			shellPath = /bin/sh;
			shellScript = "\"${PODS_ROOT}/Target Support Files/Pods-LZLayout/Pods-LZLayout-frameworks.sh\"\n";
			showEnvVarsInLog = 0;
		};
/* End PBXShellScriptBuildPhase section */

/* Begin PBXSourcesBuildPhase section */
		6DDCF8412B32B60A00451D25 /* Sources */ = {
			isa = PBXSourcesBuildPhase;
			buildActionMask = 2147483647;
			files = (
				6DDCF85D2B32B68400451D25 /* LZCollectionPageFlowLayout.swift in Sources */,
				6DDCF84D2B32B60A00451D25 /* ViewController.swift in Sources */,
				6DDCF8492B32B60A00451D25 /* AppDelegate.swift in Sources */,
				6DDCF85F2B32B6E300451D25 /* BBHomeTopCollectionCell.swift in Sources */,
				6DDCF84B2B32B60A00451D25 /* SceneDelegate.swift in Sources */,
			);
			runOnlyForDeploymentPostprocessing = 0;
		};
/* End PBXSourcesBuildPhase section */

/* Begin PBXVariantGroup section */
		6DDCF84E2B32B60A00451D25 /* Main.storyboard */ = {
			isa = PBXVariantGroup;
			children = (
				6DDCF84F2B32B60A00451D25 /* Base */,
			);
			name = Main.storyboard;
			sourceTree = "<group>";
		};
		6DDCF8532B32B60D00451D25 /* LaunchScreen.storyboard */ = {
			isa = PBXVariantGroup;
			children = (
				6DDCF8542B32B60D00451D25 /* Base */,
			);
			name = LaunchScreen.storyboard;
			sourceTree = "<group>";
		};
/* End PBXVariantGroup section */

/* Begin XCBuildConfiguration section */
		6DDCF8572B32B60D00451D25 /* Debug */ = {
			isa = XCBuildConfiguration;
			buildSettings = {
				ALWAYS_SEARCH_USER_PATHS = NO;
				ASSETCATALOG_COMPILER_GENERATE_SWIFT_ASSET_SYMBOL_EXTENSIONS = YES;
				CLANG_ANALYZER_NONNULL = YES;
				CLANG_ANALYZER_NUMBER_OBJECT_CONVERSION = YES_AGGRESSIVE;
				CLANG_CXX_LANGUAGE_STANDARD = "gnu++20";
				CLANG_ENABLE_MODULES = YES;
				CLANG_ENABLE_OBJC_ARC = YES;
				CLANG_ENABLE_OBJC_WEAK = YES;
				CLANG_WARN_BLOCK_CAPTURE_AUTORELEASING = YES;
				CLANG_WARN_BOOL_CONVERSION = YES;
				CLANG_WARN_COMMA = YES;
				CLANG_WARN_CONSTANT_CONVERSION = YES;
				CLANG_WARN_DEPRECATED_OBJC_IMPLEMENTATIONS = YES;
				CLANG_WARN_DIRECT_OBJC_ISA_USAGE = YES_ERROR;
				CLANG_WARN_DOCUMENTATION_COMMENTS = YES;
				CLANG_WARN_EMPTY_BODY = YES;
				CLANG_WARN_ENUM_CONVERSION = YES;
				CLANG_WARN_INFINITE_RECURSION = YES;
				CLANG_WARN_INT_CONVERSION = YES;
				CLANG_WARN_NON_LITERAL_NULL_CONVERSION = YES;
				CLANG_WARN_OBJC_IMPLICIT_RETAIN_SELF = YES;
				CLANG_WARN_OBJC_LITERAL_CONVERSION = YES;
				CLANG_WARN_OBJC_ROOT_CLASS = YES_ERROR;
				CLANG_WARN_QUOTED_INCLUDE_IN_FRAMEWORK_HEADER = YES;
				CLANG_WARN_RANGE_LOOP_ANALYSIS = YES;
				CLANG_WARN_STRICT_PROTOTYPES = YES;
				CLANG_WARN_SUSPICIOUS_MOVE = YES;
				CLANG_WARN_UNGUARDED_AVAILABILITY = YES_AGGRESSIVE;
				CLANG_WARN_UNREACHABLE_CODE = YES;
				CLANG_WARN__DUPLICATE_METHOD_MATCH = YES;
				COPY_PHASE_STRIP = NO;
				DEBUG_INFORMATION_FORMAT = dwarf;
				ENABLE_STRICT_OBJC_MSGSEND = YES;
				ENABLE_TESTABILITY = YES;
				ENABLE_USER_SCRIPT_SANDBOXING = YES;
				GCC_C_LANGUAGE_STANDARD = gnu17;
				GCC_DYNAMIC_NO_PIC = NO;
				GCC_NO_COMMON_BLOCKS = YES;
				GCC_OPTIMIZATION_LEVEL = 0;
				GCC_PREPROCESSOR_DEFINITIONS = (
					"DEBUG=1",
					"$(inherited)",
				);
				GCC_WARN_64_TO_32_BIT_CONVERSION = YES;
				GCC_WARN_ABOUT_RETURN_TYPE = YES_ERROR;
				GCC_WARN_UNDECLARED_SELECTOR = YES;
				GCC_WARN_UNINITIALIZED_AUTOS = YES_AGGRESSIVE;
				GCC_WARN_UNUSED_FUNCTION = YES;
				GCC_WARN_UNUSED_VARIABLE = YES;
				IPHONEOS_DEPLOYMENT_TARGET = 17.0;
				LOCALIZATION_PREFERS_STRING_CATALOGS = YES;
				MTL_ENABLE_DEBUG_INFO = INCLUDE_SOURCE;
				MTL_FAST_MATH = YES;
				ONLY_ACTIVE_ARCH = YES;
				SDKROOT = iphoneos;
				SWIFT_ACTIVE_COMPILATION_CONDITIONS = "DEBUG $(inherited)";
				SWIFT_OPTIMIZATION_LEVEL = "-Onone";
			};
			name = Debug;
		};
		6DDCF8582B32B60D00451D25 /* Release */ = {
			isa = XCBuildConfiguration;
			buildSettings = {
				ALWAYS_SEARCH_USER_PATHS = NO;
				ASSETCATALOG_COMPILER_GENERATE_SWIFT_ASSET_SYMBOL_EXTENSIONS = YES;
				CLANG_ANALYZER_NONNULL = YES;
				CLANG_ANALYZER_NUMBER_OBJECT_CONVERSION = YES_AGGRESSIVE;
				CLANG_CXX_LANGUAGE_STANDARD = "gnu++20";
				CLANG_ENABLE_MODULES = YES;
				CLANG_ENABLE_OBJC_ARC = YES;
				CLANG_ENABLE_OBJC_WEAK = YES;
				CLANG_WARN_BLOCK_CAPTURE_AUTORELEASING = YES;
				CLANG_WARN_BOOL_CONVERSION = YES;
				CLANG_WARN_COMMA = YES;
				CLANG_WARN_CONSTANT_CONVERSION = YES;
				CLANG_WARN_DEPRECATED_OBJC_IMPLEMENTATIONS = YES;
				CLANG_WARN_DIRECT_OBJC_ISA_USAGE = YES_ERROR;
				CLANG_WARN_DOCUMENTATION_COMMENTS = YES;
				CLANG_WARN_EMPTY_BODY = YES;
				CLANG_WARN_ENUM_CONVERSION = YES;
				CLANG_WARN_INFINITE_RECURSION = YES;
				CLANG_WARN_INT_CONVERSION = YES;
				CLANG_WARN_NON_LITERAL_NULL_CONVERSION = YES;
				CLANG_WARN_OBJC_IMPLICIT_RETAIN_SELF = YES;
				CLANG_WARN_OBJC_LITERAL_CONVERSION = YES;
				CLANG_WARN_OBJC_ROOT_CLASS = YES_ERROR;
				CLANG_WARN_QUOTED_INCLUDE_IN_FRAMEWORK_HEADER = YES;
				CLANG_WARN_RANGE_LOOP_ANALYSIS = YES;
				CLANG_WARN_STRICT_PROTOTYPES = YES;
				CLANG_WARN_SUSPICIOUS_MOVE = YES;
				CLANG_WARN_UNGUARDED_AVAILABILITY = YES_AGGRESSIVE;
				CLANG_WARN_UNREACHABLE_CODE = YES;
				CLANG_WARN__DUPLICATE_METHOD_MATCH = YES;
				COPY_PHASE_STRIP = NO;
				DEBUG_INFORMATION_FORMAT = "dwarf-with-dsym";
				ENABLE_NS_ASSERTIONS = NO;
				ENABLE_STRICT_OBJC_MSGSEND = YES;
				ENABLE_USER_SCRIPT_SANDBOXING = YES;
				GCC_C_LANGUAGE_STANDARD = gnu17;
				GCC_NO_COMMON_BLOCKS = YES;
				GCC_WARN_64_TO_32_BIT_CONVERSION = YES;
				GCC_WARN_ABOUT_RETURN_TYPE = YES_ERROR;
				GCC_WARN_UNDECLARED_SELECTOR = YES;
				GCC_WARN_UNINITIALIZED_AUTOS = YES_AGGRESSIVE;
				GCC_WARN_UNUSED_FUNCTION = YES;
				GCC_WARN_UNUSED_VARIABLE = YES;
				IPHONEOS_DEPLOYMENT_TARGET = 17.0;
				LOCALIZATION_PREFERS_STRING_CATALOGS = YES;
				MTL_ENABLE_DEBUG_INFO = NO;
				MTL_FAST_MATH = YES;
				SDKROOT = iphoneos;
				SWIFT_COMPILATION_MODE = wholemodule;
				VALIDATE_PRODUCT = YES;
			};
			name = Release;
		};
		6DDCF85A2B32B60D00451D25 /* Debug */ = {
			isa = XCBuildConfiguration;
			baseConfigurationReference = 6D4E130325B1EF76A0465990 /* Pods-LZLayout.debug.xcconfig */;
			buildSettings = {
				ASSETCATALOG_COMPILER_APPICON_NAME = AppIcon;
				ASSETCATALOG_COMPILER_GLOBAL_ACCENT_COLOR_NAME = AccentColor;
				CODE_SIGN_STYLE = Automatic;
				CURRENT_PROJECT_VERSION = 1;
				DEVELOPMENT_TEAM = 5GAWG88GR9;
				ENABLE_USER_SCRIPT_SANDBOXING = NO;
				GENERATE_INFOPLIST_FILE = YES;
				INFOPLIST_FILE = LZLayout/Info.plist;
				INFOPLIST_KEY_UIApplicationSupportsIndirectInputEvents = YES;
				INFOPLIST_KEY_UILaunchStoryboardName = LaunchScreen;
				INFOPLIST_KEY_UIMainStoryboardFile = Main;
				INFOPLIST_KEY_UISupportedInterfaceOrientations_iPad = "UIInterfaceOrientationPortrait UIInterfaceOrientationPortraitUpsideDown UIInterfaceOrientationLandscapeLeft UIInterfaceOrientationLandscapeRight";
				INFOPLIST_KEY_UISupportedInterfaceOrientations_iPhone = "UIInterfaceOrientationPortrait UIInterfaceOrientationLandscapeLeft UIInterfaceOrientationLandscapeRight";
				IPHONEOS_DEPLOYMENT_TARGET = 15.0;
				LD_RUNPATH_SEARCH_PATHS = (
					"$(inherited)",
					"@executable_path/Frameworks",
				);
				MARKETING_VERSION = 1.0;
				PRODUCT_BUNDLE_IDENTIFIER = com.LZStructure.LZLayout;
				PRODUCT_NAME = "$(TARGET_NAME)";
				SWIFT_EMIT_LOC_STRINGS = YES;
				SWIFT_VERSION = 5.0;
				TARGETED_DEVICE_FAMILY = "1,2";
			};
			name = Debug;
		};
		6DDCF85B2B32B60D00451D25 /* Release */ = {
			isa = XCBuildConfiguration;
			baseConfigurationReference = 28A8FCC8EDDC32F1DB38EE21 /* Pods-LZLayout.release.xcconfig */;
			buildSettings = {
				ASSETCATALOG_COMPILER_APPICON_NAME = AppIcon;
				ASSETCATALOG_COMPILER_GLOBAL_ACCENT_COLOR_NAME = AccentColor;
				CODE_SIGN_STYLE = Automatic;
				CURRENT_PROJECT_VERSION = 1;
				DEVELOPMENT_TEAM = 5GAWG88GR9;
				ENABLE_USER_SCRIPT_SANDBOXING = NO;
				GENERATE_INFOPLIST_FILE = YES;
				INFOPLIST_FILE = LZLayout/Info.plist;
				INFOPLIST_KEY_UIApplicationSupportsIndirectInputEvents = YES;
				INFOPLIST_KEY_UILaunchStoryboardName = LaunchScreen;
				INFOPLIST_KEY_UIMainStoryboardFile = Main;
				INFOPLIST_KEY_UISupportedInterfaceOrientations_iPad = "UIInterfaceOrientationPortrait UIInterfaceOrientationPortraitUpsideDown UIInterfaceOrientationLandscapeLeft UIInterfaceOrientationLandscapeRight";
				INFOPLIST_KEY_UISupportedInterfaceOrientations_iPhone = "UIInterfaceOrientationPortrait UIInterfaceOrientationLandscapeLeft UIInterfaceOrientationLandscapeRight";
				IPHONEOS_DEPLOYMENT_TARGET = 15.0;
				LD_RUNPATH_SEARCH_PATHS = (
					"$(inherited)",
					"@executable_path/Frameworks",
				);
				MARKETING_VERSION = 1.0;
				PRODUCT_BUNDLE_IDENTIFIER = com.LZStructure.LZLayout;
				PRODUCT_NAME = "$(TARGET_NAME)";
				SWIFT_EMIT_LOC_STRINGS = YES;
				SWIFT_VERSION = 5.0;
				TARGETED_DEVICE_FAMILY = "1,2";
			};
			name = Release;
		};
/* End XCBuildConfiguration section */

/* Begin XCConfigurationList section */
		6DDCF8402B32B60A00451D25 /* Build configuration list for PBXProject "LZLayout" */ = {
			isa = XCConfigurationList;
			buildConfigurations = (
				6DDCF8572B32B60D00451D25 /* Debug */,
				6DDCF8582B32B60D00451D25 /* Release */,
			);
			defaultConfigurationIsVisible = 0;
			defaultConfigurationName = Release;
		};
		6DDCF8592B32B60D00451D25 /* Build configuration list for PBXNativeTarget "LZLayout" */ = {
			isa = XCConfigurationList;
			buildConfigurations = (
				6DDCF85A2B32B60D00451D25 /* Debug */,
				6DDCF85B2B32B60D00451D25 /* Release */,
			);
			defaultConfigurationIsVisible = 0;
			defaultConfigurationName = Release;
		};
/* End XCConfigurationList section */
	};
	rootObject = 6DDCF83D2B32B60A00451D25 /* Project object */;
}
