// !$*UTF8*$!
{
	archiveVersion = 1;
	classes = {
	};
	objectVersion = 56;
	objects = {

/* Begin PBXBuildFile section */
		6D4946A82C81BEE30052B27B /* AppDelegate.swift in Sources */ = {isa = PBXBuildFile; fileRef = 6D4946A72C81BEE30052B27B /* AppDelegate.swift */; };
		6D4946AA2C81BEE30052B27B /* SceneDelegate.swift in Sources */ = {isa = PBXBuildFile; fileRef = 6D4946A92C81BEE30052B27B /* SceneDelegate.swift */; };
		6D4946AC2C81BEE30052B27B /* ViewController.swift in Sources */ = {isa = PBXBuildFile; fileRef = 6D4946AB2C81BEE30052B27B /* ViewController.swift */; };
		6D4946AF2C81BEE30052B27B /* Base in Resources */ = {isa = PBXBuildFile; fileRef = 6D4946AE2C81BEE30052B27B /* Base */; };
		6D4946B12C81BEE60052B27B /* Assets.xcassets in Resources */ = {isa = PBXBuildFile; fileRef = 6D4946B02C81BEE60052B27B /* Assets.xcassets */; };
		6D4946B42C81BEE60052B27B /* Base in Resources */ = {isa = PBXBuildFile; fileRef = 6D4946B32C81BEE60052B27B /* Base */; };
		6D4946BC2C81DE1E0052B27B /* icon_se_dongfang.png in Resources */ = {isa = PBXBuildFile; fileRef = 6D4946BB2C81DE1E0052B27B /* icon_se_dongfang.png */; };
		EFEF7EAF0E5D108B64CD0636 /* Pods_SDWebImageDeomo.framework in Frameworks */ = {isa = PBXBuildFile; fileRef = CABBB83E5EE489A4091EA142 /* Pods_SDWebImageDeomo.framework */; };
/* End PBXBuildFile section */

/* Begin PBXFileReference section */
		03723E13B4C6317C7365D90A /* Pods-SDWebImageDeomo.debug.xcconfig */ = {isa = PBXFileReference; includeInIndex = 1; lastKnownFileType = text.xcconfig; name = "Pods-SDWebImageDeomo.debug.xcconfig"; path = "Target Support Files/Pods-SDWebImageDeomo/Pods-SDWebImageDeomo.debug.xcconfig"; sourceTree = "<group>"; };
		6D4946A42C81BEE30052B27B /* SDWebImageDeomo.app */ = {isa = PBXFileReference; explicitFileType = wrapper.application; includeInIndex = 0; path = SDWebImageDeomo.app; sourceTree = BUILT_PRODUCTS_DIR; };
		6D4946A72C81BEE30052B27B /* AppDelegate.swift */ = {isa = PBXFileReference; lastKnownFileType = sourcecode.swift; path = AppDelegate.swift; sourceTree = "<group>"; };
		6D4946A92C81BEE30052B27B /* SceneDelegate.swift */ = {isa = PBXFileReference; lastKnownFileType = sourcecode.swift; path = SceneDelegate.swift; sourceTree = "<group>"; };
		6D4946AB2C81BEE30052B27B /* ViewController.swift */ = {isa = PBXFileReference; lastKnownFileType = sourcecode.swift; path = ViewController.swift; sourceTree = "<group>"; };
		6D4946AE2C81BEE30052B27B /* Base */ = {isa = PBXFileReference; lastKnownFileType = file.storyboard; name = Base; path = Base.lproj/Main.storyboard; sourceTree = "<group>"; };
		6D4946B02C81BEE60052B27B /* Assets.xcassets */ = {isa = PBXFileReference; lastKnownFileType = folder.assetcatalog; path = Assets.xcassets; sourceTree = "<group>"; };
		6D4946B32C81BEE60052B27B /* Base */ = {isa = PBXFileReference; lastKnownFileType = file.storyboard; name = Base; path = Base.lproj/LaunchScreen.storyboard; sourceTree = "<group>"; };
		6D4946B52C81BEE60052B27B /* Info.plist */ = {isa = PBXFileReference; lastKnownFileType = text.plist.xml; path = Info.plist; sourceTree = "<group>"; };
		6D4946BB2C81DE1E0052B27B /* icon_se_dongfang.png */ = {isa = PBXFileReference; lastKnownFileType = image.png; path = icon_se_dongfang.png; sourceTree = "<group>"; };
		C5E38B8AA4BBCDA8FAB51D32 /* Pods-SDWebImageDeomo.release.xcconfig */ = {isa = PBXFileReference; includeInIndex = 1; lastKnownFileType = text.xcconfig; name = "Pods-SDWebImageDeomo.release.xcconfig"; path = "Target Support Files/Pods-SDWebImageDeomo/Pods-SDWebImageDeomo.release.xcconfig"; sourceTree = "<group>"; };
		CABBB83E5EE489A4091EA142 /* Pods_SDWebImageDeomo.framework */ = {isa = PBXFileReference; explicitFileType = wrapper.framework; includeInIndex = 0; path = Pods_SDWebImageDeomo.framework; sourceTree = BUILT_PRODUCTS_DIR; };
/* End PBXFileReference section */

/* Begin PBXFrameworksBuildPhase section */
		6D4946A12C81BEE30052B27B /* Frameworks */ = {
			isa = PBXFrameworksBuildPhase;
			buildActionMask = 2147483647;
			files = (
				EFEF7EAF0E5D108B64CD0636 /* Pods_SDWebImageDeomo.framework in Frameworks */,
			);
			runOnlyForDeploymentPostprocessing = 0;
		};
/* End PBXFrameworksBuildPhase section */

/* Begin PBXGroup section */
		13302478369802D0D14060E9 /* Pods */ = {
			isa = PBXGroup;
			children = (
				03723E13B4C6317C7365D90A /* Pods-SDWebImageDeomo.debug.xcconfig */,
				C5E38B8AA4BBCDA8FAB51D32 /* Pods-SDWebImageDeomo.release.xcconfig */,
			);
			path = Pods;
			sourceTree = "<group>";
		};
		6D49469B2C81BEE30052B27B = {
			isa = PBXGroup;
			children = (
				6D4946A62C81BEE30052B27B /* SDWebImageDeomo */,
				6D4946A52C81BEE30052B27B /* Products */,
				13302478369802D0D14060E9 /* Pods */,
				7113D20B4624B77323AD1C61 /* Frameworks */,
			);
			sourceTree = "<group>";
		};
		6D4946A52C81BEE30052B27B /* Products */ = {
			isa = PBXGroup;
			children = (
				6D4946A42C81BEE30052B27B /* SDWebImageDeomo.app */,
			);
			name = Products;
			sourceTree = "<group>";
		};
		6D4946A62C81BEE30052B27B /* SDWebImageDeomo */ = {
			isa = PBXGroup;
			children = (
				6D4946BB2C81DE1E0052B27B /* icon_se_dongfang.png */,
				6D4946A72C81BEE30052B27B /* AppDelegate.swift */,
				6D4946A92C81BEE30052B27B /* SceneDelegate.swift */,
				6D4946AB2C81BEE30052B27B /* ViewController.swift */,
				6D4946AD2C81BEE30052B27B /* Main.storyboard */,
				6D4946B02C81BEE60052B27B /* Assets.xcassets */,
				6D4946B22C81BEE60052B27B /* LaunchScreen.storyboard */,
				6D4946B52C81BEE60052B27B /* Info.plist */,
			);
			path = SDWebImageDeomo;
			sourceTree = "<group>";
		};
		7113D20B4624B77323AD1C61 /* Frameworks */ = {
			isa = PBXGroup;
			children = (
				CABBB83E5EE489A4091EA142 /* Pods_SDWebImageDeomo.framework */,
			);
			name = Frameworks;
			sourceTree = "<group>";
		};
/* End PBXGroup section */

/* Begin PBXNativeTarget section */
		6D4946A32C81BEE30052B27B /* SDWebImageDeomo */ = {
			isa = PBXNativeTarget;
			buildConfigurationList = 6D4946B82C81BEE60052B27B /* Build configuration list for PBXNativeTarget "SDWebImageDeomo" */;
			buildPhases = (
				9C6A6487DC2CC418B66098EB /* [CP] Check Pods Manifest.lock */,
				6D4946A02C81BEE30052B27B /* Sources */,
				6D4946A12C81BEE30052B27B /* Frameworks */,
				6D4946A22C81BEE30052B27B /* Resources */,
				52AA51332AF96666C00CC8FA /* [CP] Embed Pods Frameworks */,
			);
			buildRules = (
			);
			dependencies = (
			);
			name = SDWebImageDeomo;
			productName = SDWebImageDeomo;
			productReference = 6D4946A42C81BEE30052B27B /* SDWebImageDeomo.app */;
			productType = "com.apple.product-type.application";
		};
/* End PBXNativeTarget section */

/* Begin PBXProject section */
		6D49469C2C81BEE30052B27B /* Project object */ = {
			isa = PBXProject;
			attributes = {
				BuildIndependentTargetsInParallel = 1;
				LastSwiftUpdateCheck = 1540;
				LastUpgradeCheck = 1540;
				TargetAttributes = {
					6D4946A32C81BEE30052B27B = {
						CreatedOnToolsVersion = 15.4;
					};
				};
			};
			buildConfigurationList = 6D49469F2C81BEE30052B27B /* Build configuration list for PBXProject "SDWebImageDeomo" */;
			compatibilityVersion = "Xcode 14.0";
			developmentRegion = en;
			hasScannedForEncodings = 0;
			knownRegions = (
				en,
				Base,
			);
			mainGroup = 6D49469B2C81BEE30052B27B;
			productRefGroup = 6D4946A52C81BEE30052B27B /* Products */;
			projectDirPath = "";
			projectRoot = "";
			targets = (
				6D4946A32C81BEE30052B27B /* SDWebImageDeomo */,
			);
		};
/* End PBXProject section */

/* Begin PBXResourcesBuildPhase section */
		6D4946A22C81BEE30052B27B /* Resources */ = {
			isa = PBXResourcesBuildPhase;
			buildActionMask = 2147483647;
			files = (
				6D4946B12C81BEE60052B27B /* Assets.xcassets in Resources */,
				6D4946B42C81BEE60052B27B /* Base in Resources */,
				6D4946BC2C81DE1E0052B27B /* icon_se_dongfang.png in Resources */,
				6D4946AF2C81BEE30052B27B /* Base in Resources */,
			);
			runOnlyForDeploymentPostprocessing = 0;
		};
/* End PBXResourcesBuildPhase section */

/* Begin PBXShellScriptBuildPhase section */
		52AA51332AF96666C00CC8FA /* [CP] Embed Pods Frameworks */ = {
			isa = PBXShellScriptBuildPhase;
			buildActionMask = 2147483647;
			files = (
			);
			inputFileListPaths = (
				"${PODS_ROOT}/Target Support Files/Pods-SDWebImageDeomo/Pods-SDWebImageDeomo-frameworks-${CONFIGURATION}-input-files.xcfilelist",
			);
			name = "[CP] Embed Pods Frameworks";
			outputFileListPaths = (
				"${PODS_ROOT}/Target Support Files/Pods-SDWebImageDeomo/Pods-SDWebImageDeomo-frameworks-${CONFIGURATION}-output-files.xcfilelist",
			);
			runOnlyForDeploymentPostprocessing = 0;
			shellPath = /bin/sh;
			shellScript = "\"${PODS_ROOT}/Target Support Files/Pods-SDWebImageDeomo/Pods-SDWebImageDeomo-frameworks.sh\"\n";
			showEnvVarsInLog = 0;
		};
		9C6A6487DC2CC418B66098EB /* [CP] Check Pods Manifest.lock */ = {
			isa = PBXShellScriptBuildPhase;
			buildActionMask = 2147483647;
			files = (
			);
			inputFileListPaths = (
			);
			inputPaths = (
				"${PODS_PODFILE_DIR_PATH}/Podfile.lock",
				"${PODS_ROOT}/Manifest.lock",
			);
			name = "[CP] Check Pods Manifest.lock";
			outputFileListPaths = (
			);
			outputPaths = (
				"$(DERIVED_FILE_DIR)/Pods-SDWebImageDeomo-checkManifestLockResult.txt",
			);
			runOnlyForDeploymentPostprocessing = 0;
			shellPath = /bin/sh;
			shellScript = "diff \"${PODS_PODFILE_DIR_PATH}/Podfile.lock\" \"${PODS_ROOT}/Manifest.lock\" > /dev/null\nif [ $? != 0 ] ; then\n    # print error to STDERR\n    echo \"error: The sandbox is not in sync with the Podfile.lock. Run 'pod install' or update your CocoaPods installation.\" >&2\n    exit 1\nfi\n# This output is used by Xcode 'outputs' to avoid re-running this script phase.\necho \"SUCCESS\" > \"${SCRIPT_OUTPUT_FILE_0}\"\n";
			showEnvVarsInLog = 0;
		};
/* End PBXShellScriptBuildPhase section */

/* Begin PBXSourcesBuildPhase section */
		6D4946A02C81BEE30052B27B /* Sources */ = {
			isa = PBXSourcesBuildPhase;
			buildActionMask = 2147483647;
			files = (
				6D4946AC2C81BEE30052B27B /* ViewController.swift in Sources */,
				6D4946A82C81BEE30052B27B /* AppDelegate.swift in Sources */,
				6D4946AA2C81BEE30052B27B /* SceneDelegate.swift in Sources */,
			);
			runOnlyForDeploymentPostprocessing = 0;
		};
/* End PBXSourcesBuildPhase section */

/* Begin PBXVariantGroup section */
		6D4946AD2C81BEE30052B27B /* Main.storyboard */ = {
			isa = PBXVariantGroup;
			children = (
				6D4946AE2C81BEE30052B27B /* Base */,
			);
			name = Main.storyboard;
			sourceTree = "<group>";
		};
		6D4946B22C81BEE60052B27B /* LaunchScreen.storyboard */ = {
			isa = PBXVariantGroup;
			children = (
				6D4946B32C81BEE60052B27B /* Base */,
			);
			name = LaunchScreen.storyboard;
			sourceTree = "<group>";
		};
/* End PBXVariantGroup section */

/* Begin XCBuildConfiguration section */
		6D4946B62C81BEE60052B27B /* Debug */ = {
			isa = XCBuildConfiguration;
			buildSettings = {
				ALWAYS_SEARCH_USER_PATHS = NO;
				ASSETCATALOG_COMPILER_GENERATE_SWIFT_ASSET_SYMBOL_EXTENSIONS = YES;
				CLANG_ANALYZER_NONNULL = YES;
				CLANG_ANALYZER_NUMBER_OBJECT_CONVERSION = YES_AGGRESSIVE;
				CLANG_CXX_LANGUAGE_STANDARD = "gnu++20";
				CLANG_ENABLE_MODULES = YES;
				CLANG_ENABLE_OBJC_ARC = YES;
				CLANG_ENABLE_OBJC_WEAK = YES;
				CLANG_WARN_BLOCK_CAPTURE_AUTORELEASING = YES;
				CLANG_WARN_BOOL_CONVERSION = YES;
				CLANG_WARN_COMMA = YES;
				CLANG_WARN_CONSTANT_CONVERSION = YES;
				CLANG_WARN_DEPRECATED_OBJC_IMPLEMENTATIONS = YES;
				CLANG_WARN_DIRECT_OBJC_ISA_USAGE = YES_ERROR;
				CLANG_WARN_DOCUMENTATION_COMMENTS = YES;
				CLANG_WARN_EMPTY_BODY = YES;
				CLANG_WARN_ENUM_CONVERSION = YES;
				CLANG_WARN_INFINITE_RECURSION = YES;
				CLANG_WARN_INT_CONVERSION = YES;
				CLANG_WARN_NON_LITERAL_NULL_CONVERSION = YES;
				CLANG_WARN_OBJC_IMPLICIT_RETAIN_SELF = YES;
				CLANG_WARN_OBJC_LITERAL_CONVERSION = YES;
				CLANG_WARN_OBJC_ROOT_CLASS = YES_ERROR;
				CLANG_WARN_QUOTED_INCLUDE_IN_FRAMEWORK_HEADER = YES;
				CLANG_WARN_RANGE_LOOP_ANALYSIS = YES;
				CLANG_WARN_STRICT_PROTOTYPES = YES;
				CLANG_WARN_SUSPICIOUS_MOVE = YES;
				CLANG_WARN_UNGUARDED_AVAILABILITY = YES_AGGRESSIVE;
				CLANG_WARN_UNREACHABLE_CODE = YES;
				CLANG_WARN__DUPLICATE_METHOD_MATCH = YES;
				COPY_PHASE_STRIP = NO;
				DEBUG_INFORMATION_FORMAT = dwarf;
				ENABLE_STRICT_OBJC_MSGSEND = YES;
				ENABLE_TESTABILITY = YES;
				ENABLE_USER_SCRIPT_SANDBOXING = YES;
				GCC_C_LANGUAGE_STANDARD = gnu17;
				GCC_DYNAMIC_NO_PIC = NO;
				GCC_NO_COMMON_BLOCKS = YES;
				GCC_OPTIMIZATION_LEVEL = 0;
				GCC_PREPROCESSOR_DEFINITIONS = (
					"DEBUG=1",
					"$(inherited)",
				);
				GCC_WARN_64_TO_32_BIT_CONVERSION = YES;
				GCC_WARN_ABOUT_RETURN_TYPE = YES_ERROR;
				GCC_WARN_UNDECLARED_SELECTOR = YES;
				GCC_WARN_UNINITIALIZED_AUTOS = YES_AGGRESSIVE;
				GCC_WARN_UNUSED_FUNCTION = YES;
				GCC_WARN_UNUSED_VARIABLE = YES;
				IPHONEOS_DEPLOYMENT_TARGET = 17.5;
				LOCALIZATION_PREFERS_STRING_CATALOGS = YES;
				MTL_ENABLE_DEBUG_INFO = INCLUDE_SOURCE;
				MTL_FAST_MATH = YES;
				ONLY_ACTIVE_ARCH = YES;
				SDKROOT = iphoneos;
				SWIFT_ACTIVE_COMPILATION_CONDITIONS = "DEBUG $(inherited)";
				SWIFT_OPTIMIZATION_LEVEL = "-Onone";
			};
			name = Debug;
		};
		6D4946B72C81BEE60052B27B /* Release */ = {
			isa = XCBuildConfiguration;
			buildSettings = {
				ALWAYS_SEARCH_USER_PATHS = NO;
				ASSETCATALOG_COMPILER_GENERATE_SWIFT_ASSET_SYMBOL_EXTENSIONS = YES;
				CLANG_ANALYZER_NONNULL = YES;
				CLANG_ANALYZER_NUMBER_OBJECT_CONVERSION = YES_AGGRESSIVE;
				CLANG_CXX_LANGUAGE_STANDARD = "gnu++20";
				CLANG_ENABLE_MODULES = YES;
				CLANG_ENABLE_OBJC_ARC = YES;
				CLANG_ENABLE_OBJC_WEAK = YES;
				CLANG_WARN_BLOCK_CAPTURE_AUTORELEASING = YES;
				CLANG_WARN_BOOL_CONVERSION = YES;
				CLANG_WARN_COMMA = YES;
				CLANG_WARN_CONSTANT_CONVERSION = YES;
				CLANG_WARN_DEPRECATED_OBJC_IMPLEMENTATIONS = YES;
				CLANG_WARN_DIRECT_OBJC_ISA_USAGE = YES_ERROR;
				CLANG_WARN_DOCUMENTATION_COMMENTS = YES;
				CLANG_WARN_EMPTY_BODY = YES;
				CLANG_WARN_ENUM_CONVERSION = YES;
				CLANG_WARN_INFINITE_RECURSION = YES;
				CLANG_WARN_INT_CONVERSION = YES;
				CLANG_WARN_NON_LITERAL_NULL_CONVERSION = YES;
				CLANG_WARN_OBJC_IMPLICIT_RETAIN_SELF = YES;
				CLANG_WARN_OBJC_LITERAL_CONVERSION = YES;
				CLANG_WARN_OBJC_ROOT_CLASS = YES_ERROR;
				CLANG_WARN_QUOTED_INCLUDE_IN_FRAMEWORK_HEADER = YES;
				CLANG_WARN_RANGE_LOOP_ANALYSIS = YES;
				CLANG_WARN_STRICT_PROTOTYPES = YES;
				CLANG_WARN_SUSPICIOUS_MOVE = YES;
				CLANG_WARN_UNGUARDED_AVAILABILITY = YES_AGGRESSIVE;
				CLANG_WARN_UNREACHABLE_CODE = YES;
				CLANG_WARN__DUPLICATE_METHOD_MATCH = YES;
				COPY_PHASE_STRIP = NO;
				DEBUG_INFORMATION_FORMAT = "dwarf-with-dsym";
				ENABLE_NS_ASSERTIONS = NO;
				ENABLE_STRICT_OBJC_MSGSEND = YES;
				ENABLE_USER_SCRIPT_SANDBOXING = YES;
				GCC_C_LANGUAGE_STANDARD = gnu17;
				GCC_NO_COMMON_BLOCKS = YES;
				GCC_WARN_64_TO_32_BIT_CONVERSION = YES;
				GCC_WARN_ABOUT_RETURN_TYPE = YES_ERROR;
				GCC_WARN_UNDECLARED_SELECTOR = YES;
				GCC_WARN_UNINITIALIZED_AUTOS = YES_AGGRESSIVE;
				GCC_WARN_UNUSED_FUNCTION = YES;
				GCC_WARN_UNUSED_VARIABLE = YES;
				IPHONEOS_DEPLOYMENT_TARGET = 17.5;
				LOCALIZATION_PREFERS_STRING_CATALOGS = YES;
				MTL_ENABLE_DEBUG_INFO = NO;
				MTL_FAST_MATH = YES;
				SDKROOT = iphoneos;
				SWIFT_COMPILATION_MODE = wholemodule;
				VALIDATE_PRODUCT = YES;
			};
			name = Release;
		};
		6D4946B92C81BEE60052B27B /* Debug */ = {
			isa = XCBuildConfiguration;
			baseConfigurationReference = 03723E13B4C6317C7365D90A /* Pods-SDWebImageDeomo.debug.xcconfig */;
			buildSettings = {
				ASSETCATALOG_COMPILER_APPICON_NAME = AppIcon;
				ASSETCATALOG_COMPILER_GLOBAL_ACCENT_COLOR_NAME = AccentColor;
				CODE_SIGN_STYLE = Automatic;
				CURRENT_PROJECT_VERSION = 1;
				DEVELOPMENT_TEAM = X22675CXL2;
				ENABLE_USER_SCRIPT_SANDBOXING = NO;
				GENERATE_INFOPLIST_FILE = YES;
				INFOPLIST_FILE = SDWebImageDeomo/Info.plist;
				INFOPLIST_KEY_UIApplicationSupportsIndirectInputEvents = YES;
				INFOPLIST_KEY_UILaunchStoryboardName = LaunchScreen;
				INFOPLIST_KEY_UIMainStoryboardFile = Main;
				INFOPLIST_KEY_UISupportedInterfaceOrientations_iPad = "UIInterfaceOrientationPortrait UIInterfaceOrientationPortraitUpsideDown UIInterfaceOrientationLandscapeLeft UIInterfaceOrientationLandscapeRight";
				INFOPLIST_KEY_UISupportedInterfaceOrientations_iPhone = "UIInterfaceOrientationPortrait UIInterfaceOrientationLandscapeLeft UIInterfaceOrientationLandscapeRight";
				IPHONEOS_DEPLOYMENT_TARGET = 15.0;
				LD_RUNPATH_SEARCH_PATHS = (
					"$(inherited)",
					"@executable_path/Frameworks",
				);
				MARKETING_VERSION = 1.0;
				PRODUCT_BUNDLE_IDENTIFIER = com.lizhi.SDWebImageDeomo;
				PRODUCT_NAME = "$(TARGET_NAME)";
				SUPPORTED_PLATFORMS = "iphoneos iphonesimulator";
				SUPPORTS_MACCATALYST = NO;
				SUPPORTS_MAC_DESIGNED_FOR_IPHONE_IPAD = NO;
				SUPPORTS_XR_DESIGNED_FOR_IPHONE_IPAD = NO;
				SWIFT_EMIT_LOC_STRINGS = YES;
				SWIFT_VERSION = 5.0;
				TARGETED_DEVICE_FAMILY = "1,2";
			};
			name = Debug;
		};
		6D4946BA2C81BEE60052B27B /* Release */ = {
			isa = XCBuildConfiguration;
			baseConfigurationReference = C5E38B8AA4BBCDA8FAB51D32 /* Pods-SDWebImageDeomo.release.xcconfig */;
			buildSettings = {
				ASSETCATALOG_COMPILER_APPICON_NAME = AppIcon;
				ASSETCATALOG_COMPILER_GLOBAL_ACCENT_COLOR_NAME = AccentColor;
				CODE_SIGN_STYLE = Automatic;
				CURRENT_PROJECT_VERSION = 1;
				DEVELOPMENT_TEAM = X22675CXL2;
				ENABLE_USER_SCRIPT_SANDBOXING = NO;
				GENERATE_INFOPLIST_FILE = YES;
				INFOPLIST_FILE = SDWebImageDeomo/Info.plist;
				INFOPLIST_KEY_UIApplicationSupportsIndirectInputEvents = YES;
				INFOPLIST_KEY_UILaunchStoryboardName = LaunchScreen;
				INFOPLIST_KEY_UIMainStoryboardFile = Main;
				INFOPLIST_KEY_UISupportedInterfaceOrientations_iPad = "UIInterfaceOrientationPortrait UIInterfaceOrientationPortraitUpsideDown UIInterfaceOrientationLandscapeLeft UIInterfaceOrientationLandscapeRight";
				INFOPLIST_KEY_UISupportedInterfaceOrientations_iPhone = "UIInterfaceOrientationPortrait UIInterfaceOrientationLandscapeLeft UIInterfaceOrientationLandscapeRight";
				IPHONEOS_DEPLOYMENT_TARGET = 15.0;
				LD_RUNPATH_SEARCH_PATHS = (
					"$(inherited)",
					"@executable_path/Frameworks",
				);
				MARKETING_VERSION = 1.0;
				PRODUCT_BUNDLE_IDENTIFIER = com.lizhi.SDWebImageDeomo;
				PRODUCT_NAME = "$(TARGET_NAME)";
				SUPPORTED_PLATFORMS = "iphoneos iphonesimulator";
				SUPPORTS_MACCATALYST = NO;
				SUPPORTS_MAC_DESIGNED_FOR_IPHONE_IPAD = NO;
				SUPPORTS_XR_DESIGNED_FOR_IPHONE_IPAD = NO;
				SWIFT_EMIT_LOC_STRINGS = YES;
				SWIFT_VERSION = 5.0;
				TARGETED_DEVICE_FAMILY = "1,2";
			};
			name = Release;
		};
/* End XCBuildConfiguration section */

/* Begin XCConfigurationList section */
		6D49469F2C81BEE30052B27B /* Build configuration list for PBXProject "SDWebImageDeomo" */ = {
			isa = XCConfigurationList;
			buildConfigurations = (
				6D4946B62C81BEE60052B27B /* Debug */,
				6D4946B72C81BEE60052B27B /* Release */,
			);
			defaultConfigurationIsVisible = 0;
			defaultConfigurationName = Release;
		};
		6D4946B82C81BEE60052B27B /* Build configuration list for PBXNativeTarget "SDWebImageDeomo" */ = {
			isa = XCConfigurationList;
			buildConfigurations = (
				6D4946B92C81BEE60052B27B /* Debug */,
				6D4946BA2C81BEE60052B27B /* Release */,
			);
			defaultConfigurationIsVisible = 0;
			defaultConfigurationName = Release;
		};
/* End XCConfigurationList section */
	};
	rootObject = 6D49469C2C81BEE30052B27B /* Project object */;
}
