// !$*UTF8*$!
{
	archiveVersion = 1;
	classes = {
	};
	objectVersion = 56;
	objects = {

/* Begin PBXBuildFile section */
		6DC0904E2C00509900710726 /* LZSwiftUIStudyApp.swift in Sources */ = {isa = PBXBuildFile; fileRef = 6DC0904D2C00509900710726 /* LZSwiftUIStudyApp.swift */; };
		6DC090502C00509900710726 /* ContentView.swift in Sources */ = {isa = PBXBuildFile; fileRef = 6DC0904F2C00509900710726 /* ContentView.swift */; };
		6DC090522C00509B00710726 /* Assets.xcassets in Resources */ = {isa = PBXBuildFile; fileRef = 6DC090512C00509B00710726 /* Assets.xcassets */; };
		6DC090552C00509B00710726 /* Preview Assets.xcassets in Resources */ = {isa = PBXBuildFile; fileRef = 6DC090542C00509B00710726 /* Preview Assets.xcassets */; };
		6DC0905F2C00509C00710726 /* LZSwiftUIStudyTests.swift in Sources */ = {isa = PBXBuildFile; fileRef = 6DC0905E2C00509C00710726 /* LZSwiftUIStudyTests.swift */; };
		6DC090692C00509C00710726 /* LZSwiftUIStudyUITests.swift in Sources */ = {isa = PBXBuildFile; fileRef = 6DC090682C00509C00710726 /* LZSwiftUIStudyUITests.swift */; };
		6DC0906B2C00509C00710726 /* LZSwiftUIStudyUITestsLaunchTests.swift in Sources */ = {isa = PBXBuildFile; fileRef = 6DC0906A2C00509C00710726 /* LZSwiftUIStudyUITestsLaunchTests.swift */; };
/* End PBXBuildFile section */

/* Begin PBXContainerItemProxy section */
		6DC0905B2C00509C00710726 /* PBXContainerItemProxy */ = {
			isa = PBXContainerItemProxy;
			containerPortal = 6DC090422C00509900710726 /* Project object */;
			proxyType = 1;
			remoteGlobalIDString = 6DC090492C00509900710726;
			remoteInfo = LZSwiftUIStudy;
		};
		6DC090652C00509C00710726 /* PBXContainerItemProxy */ = {
			isa = PBXContainerItemProxy;
			containerPortal = 6DC090422C00509900710726 /* Project object */;
			proxyType = 1;
			remoteGlobalIDString = 6DC090492C00509900710726;
			remoteInfo = LZSwiftUIStudy;
		};
/* End PBXContainerItemProxy section */

/* Begin PBXFileReference section */
		6DC0904A2C00509900710726 /* LZSwiftUIStudy.app */ = {isa = PBXFileReference; explicitFileType = wrapper.application; includeInIndex = 0; path = LZSwiftUIStudy.app; sourceTree = BUILT_PRODUCTS_DIR; };
		6DC0904D2C00509900710726 /* LZSwiftUIStudyApp.swift */ = {isa = PBXFileReference; lastKnownFileType = sourcecode.swift; path = LZSwiftUIStudyApp.swift; sourceTree = "<group>"; };
		6DC0904F2C00509900710726 /* ContentView.swift */ = {isa = PBXFileReference; lastKnownFileType = sourcecode.swift; path = ContentView.swift; sourceTree = "<group>"; };
		6DC090512C00509B00710726 /* Assets.xcassets */ = {isa = PBXFileReference; lastKnownFileType = folder.assetcatalog; path = Assets.xcassets; sourceTree = "<group>"; };
		6DC090542C00509B00710726 /* Preview Assets.xcassets */ = {isa = PBXFileReference; lastKnownFileType = folder.assetcatalog; path = "Preview Assets.xcassets"; sourceTree = "<group>"; };
		6DC0905A2C00509C00710726 /* LZSwiftUIStudyTests.xctest */ = {isa = PBXFileReference; explicitFileType = wrapper.cfbundle; includeInIndex = 0; path = LZSwiftUIStudyTests.xctest; sourceTree = BUILT_PRODUCTS_DIR; };
		6DC0905E2C00509C00710726 /* LZSwiftUIStudyTests.swift */ = {isa = PBXFileReference; lastKnownFileType = sourcecode.swift; path = LZSwiftUIStudyTests.swift; sourceTree = "<group>"; };
		6DC090642C00509C00710726 /* LZSwiftUIStudyUITests.xctest */ = {isa = PBXFileReference; explicitFileType = wrapper.cfbundle; includeInIndex = 0; path = LZSwiftUIStudyUITests.xctest; sourceTree = BUILT_PRODUCTS_DIR; };
		6DC090682C00509C00710726 /* LZSwiftUIStudyUITests.swift */ = {isa = PBXFileReference; lastKnownFileType = sourcecode.swift; path = LZSwiftUIStudyUITests.swift; sourceTree = "<group>"; };
		6DC0906A2C00509C00710726 /* LZSwiftUIStudyUITestsLaunchTests.swift */ = {isa = PBXFileReference; lastKnownFileType = sourcecode.swift; path = LZSwiftUIStudyUITestsLaunchTests.swift; sourceTree = "<group>"; };
/* End PBXFileReference section */

/* Begin PBXFrameworksBuildPhase section */
		6DC090472C00509900710726 /* Frameworks */ = {
			isa = PBXFrameworksBuildPhase;
			buildActionMask = 2147483647;
			files = (
			);
			runOnlyForDeploymentPostprocessing = 0;
		};
		6DC090572C00509C00710726 /* Frameworks */ = {
			isa = PBXFrameworksBuildPhase;
			buildActionMask = 2147483647;
			files = (
			);
			runOnlyForDeploymentPostprocessing = 0;
		};
		6DC090612C00509C00710726 /* Frameworks */ = {
			isa = PBXFrameworksBuildPhase;
			buildActionMask = 2147483647;
			files = (
			);
			runOnlyForDeploymentPostprocessing = 0;
		};
/* End PBXFrameworksBuildPhase section */

/* Begin PBXGroup section */
		6DC090412C00509900710726 = {
			isa = PBXGroup;
			children = (
				6DC0904C2C00509900710726 /* LZSwiftUIStudy */,
				6DC0905D2C00509C00710726 /* LZSwiftUIStudyTests */,
				6DC090672C00509C00710726 /* LZSwiftUIStudyUITests */,
				6DC0904B2C00509900710726 /* Products */,
			);
			sourceTree = "<group>";
		};
		6DC0904B2C00509900710726 /* Products */ = {
			isa = PBXGroup;
			children = (
				6DC0904A2C00509900710726 /* LZSwiftUIStudy.app */,
				6DC0905A2C00509C00710726 /* LZSwiftUIStudyTests.xctest */,
				6DC090642C00509C00710726 /* LZSwiftUIStudyUITests.xctest */,
			);
			name = Products;
			sourceTree = "<group>";
		};
		6DC0904C2C00509900710726 /* LZSwiftUIStudy */ = {
			isa = PBXGroup;
			children = (
				6DC0904D2C00509900710726 /* LZSwiftUIStudyApp.swift */,
				6DC0904F2C00509900710726 /* ContentView.swift */,
				6DC090512C00509B00710726 /* Assets.xcassets */,
				6DC090532C00509B00710726 /* Preview Content */,
			);
			path = LZSwiftUIStudy;
			sourceTree = "<group>";
		};
		6DC090532C00509B00710726 /* Preview Content */ = {
			isa = PBXGroup;
			children = (
				6DC090542C00509B00710726 /* Preview Assets.xcassets */,
			);
			path = "Preview Content";
			sourceTree = "<group>";
		};
		6DC0905D2C00509C00710726 /* LZSwiftUIStudyTests */ = {
			isa = PBXGroup;
			children = (
				6DC0905E2C00509C00710726 /* LZSwiftUIStudyTests.swift */,
			);
			path = LZSwiftUIStudyTests;
			sourceTree = "<group>";
		};
		6DC090672C00509C00710726 /* LZSwiftUIStudyUITests */ = {
			isa = PBXGroup;
			children = (
				6DC090682C00509C00710726 /* LZSwiftUIStudyUITests.swift */,
				6DC0906A2C00509C00710726 /* LZSwiftUIStudyUITestsLaunchTests.swift */,
			);
			path = LZSwiftUIStudyUITests;
			sourceTree = "<group>";
		};
/* End PBXGroup section */

/* Begin PBXNativeTarget section */
		6DC090492C00509900710726 /* LZSwiftUIStudy */ = {
			isa = PBXNativeTarget;
			buildConfigurationList = 6DC0906E2C00509C00710726 /* Build configuration list for PBXNativeTarget "LZSwiftUIStudy" */;
			buildPhases = (
				6DC090462C00509900710726 /* Sources */,
				6DC090472C00509900710726 /* Frameworks */,
				6DC090482C00509900710726 /* Resources */,
			);
			buildRules = (
			);
			dependencies = (
			);
			name = LZSwiftUIStudy;
			productName = LZSwiftUIStudy;
			productReference = 6DC0904A2C00509900710726 /* LZSwiftUIStudy.app */;
			productType = "com.apple.product-type.application";
		};
		6DC090592C00509C00710726 /* LZSwiftUIStudyTests */ = {
			isa = PBXNativeTarget;
			buildConfigurationList = 6DC090712C00509C00710726 /* Build configuration list for PBXNativeTarget "LZSwiftUIStudyTests" */;
			buildPhases = (
				6DC090562C00509C00710726 /* Sources */,
				6DC090572C00509C00710726 /* Frameworks */,
				6DC090582C00509C00710726 /* Resources */,
			);
			buildRules = (
			);
			dependencies = (
				6DC0905C2C00509C00710726 /* PBXTargetDependency */,
			);
			name = LZSwiftUIStudyTests;
			productName = LZSwiftUIStudyTests;
			productReference = 6DC0905A2C00509C00710726 /* LZSwiftUIStudyTests.xctest */;
			productType = "com.apple.product-type.bundle.unit-test";
		};
		6DC090632C00509C00710726 /* LZSwiftUIStudyUITests */ = {
			isa = PBXNativeTarget;
			buildConfigurationList = 6DC090742C00509C00710726 /* Build configuration list for PBXNativeTarget "LZSwiftUIStudyUITests" */;
			buildPhases = (
				6DC090602C00509C00710726 /* Sources */,
				6DC090612C00509C00710726 /* Frameworks */,
				6DC090622C00509C00710726 /* Resources */,
			);
			buildRules = (
			);
			dependencies = (
				6DC090662C00509C00710726 /* PBXTargetDependency */,
			);
			name = LZSwiftUIStudyUITests;
			productName = LZSwiftUIStudyUITests;
			productReference = 6DC090642C00509C00710726 /* LZSwiftUIStudyUITests.xctest */;
			productType = "com.apple.product-type.bundle.ui-testing";
		};
/* End PBXNativeTarget section */

/* Begin PBXProject section */
		6DC090422C00509900710726 /* Project object */ = {
			isa = PBXProject;
			attributes = {
				BuildIndependentTargetsInParallel = 1;
				LastSwiftUpdateCheck = 1540;
				LastUpgradeCheck = 1540;
				TargetAttributes = {
					6DC090492C00509900710726 = {
						CreatedOnToolsVersion = 15.4;
					};
					6DC090592C00509C00710726 = {
						CreatedOnToolsVersion = 15.4;
						TestTargetID = 6DC090492C00509900710726;
					};
					6DC090632C00509C00710726 = {
						CreatedOnToolsVersion = 15.4;
						TestTargetID = 6DC090492C00509900710726;
					};
				};
			};
			buildConfigurationList = 6DC090452C00509900710726 /* Build configuration list for PBXProject "LZSwiftUIStudy" */;
			compatibilityVersion = "Xcode 14.0";
			developmentRegion = en;
			hasScannedForEncodings = 0;
			knownRegions = (
				en,
				Base,
			);
			mainGroup = 6DC090412C00509900710726;
			productRefGroup = 6DC0904B2C00509900710726 /* Products */;
			projectDirPath = "";
			projectRoot = "";
			targets = (
				6DC090492C00509900710726 /* LZSwiftUIStudy */,
				6DC090592C00509C00710726 /* LZSwiftUIStudyTests */,
				6DC090632C00509C00710726 /* LZSwiftUIStudyUITests */,
			);
		};
/* End PBXProject section */

/* Begin PBXResourcesBuildPhase section */
		6DC090482C00509900710726 /* Resources */ = {
			isa = PBXResourcesBuildPhase;
			buildActionMask = 2147483647;
			files = (
				6DC090552C00509B00710726 /* Preview Assets.xcassets in Resources */,
				6DC090522C00509B00710726 /* Assets.xcassets in Resources */,
			);
			runOnlyForDeploymentPostprocessing = 0;
		};
		6DC090582C00509C00710726 /* Resources */ = {
			isa = PBXResourcesBuildPhase;
			buildActionMask = 2147483647;
			files = (
			);
			runOnlyForDeploymentPostprocessing = 0;
		};
		6DC090622C00509C00710726 /* Resources */ = {
			isa = PBXResourcesBuildPhase;
			buildActionMask = 2147483647;
			files = (
			);
			runOnlyForDeploymentPostprocessing = 0;
		};
/* End PBXResourcesBuildPhase section */

/* Begin PBXSourcesBuildPhase section */
		6DC090462C00509900710726 /* Sources */ = {
			isa = PBXSourcesBuildPhase;
			buildActionMask = 2147483647;
			files = (
				6DC090502C00509900710726 /* ContentView.swift in Sources */,
				6DC0904E2C00509900710726 /* LZSwiftUIStudyApp.swift in Sources */,
			);
			runOnlyForDeploymentPostprocessing = 0;
		};
		6DC090562C00509C00710726 /* Sources */ = {
			isa = PBXSourcesBuildPhase;
			buildActionMask = 2147483647;
			files = (
				6DC0905F2C00509C00710726 /* LZSwiftUIStudyTests.swift in Sources */,
			);
			runOnlyForDeploymentPostprocessing = 0;
		};
		6DC090602C00509C00710726 /* Sources */ = {
			isa = PBXSourcesBuildPhase;
			buildActionMask = 2147483647;
			files = (
				6DC0906B2C00509C00710726 /* LZSwiftUIStudyUITestsLaunchTests.swift in Sources */,
				6DC090692C00509C00710726 /* LZSwiftUIStudyUITests.swift in Sources */,
			);
			runOnlyForDeploymentPostprocessing = 0;
		};
/* End PBXSourcesBuildPhase section */

/* Begin PBXTargetDependency section */
		6DC0905C2C00509C00710726 /* PBXTargetDependency */ = {
			isa = PBXTargetDependency;
			target = 6DC090492C00509900710726 /* LZSwiftUIStudy */;
			targetProxy = 6DC0905B2C00509C00710726 /* PBXContainerItemProxy */;
		};
		6DC090662C00509C00710726 /* PBXTargetDependency */ = {
			isa = PBXTargetDependency;
			target = 6DC090492C00509900710726 /* LZSwiftUIStudy */;
			targetProxy = 6DC090652C00509C00710726 /* PBXContainerItemProxy */;
		};
/* End PBXTargetDependency section */

/* Begin XCBuildConfiguration section */
		6DC0906C2C00509C00710726 /* Debug */ = {
			isa = XCBuildConfiguration;
			buildSettings = {
				ALWAYS_SEARCH_USER_PATHS = NO;
				ASSETCATALOG_COMPILER_GENERATE_SWIFT_ASSET_SYMBOL_EXTENSIONS = YES;
				CLANG_ANALYZER_NONNULL = YES;
				CLANG_ANALYZER_NUMBER_OBJECT_CONVERSION = YES_AGGRESSIVE;
				CLANG_CXX_LANGUAGE_STANDARD = "gnu++20";
				CLANG_ENABLE_MODULES = YES;
				CLANG_ENABLE_OBJC_ARC = YES;
				CLANG_ENABLE_OBJC_WEAK = YES;
				CLANG_WARN_BLOCK_CAPTURE_AUTORELEASING = YES;
				CLANG_WARN_BOOL_CONVERSION = YES;
				CLANG_WARN_COMMA = YES;
				CLANG_WARN_CONSTANT_CONVERSION = YES;
				CLANG_WARN_DEPRECATED_OBJC_IMPLEMENTATIONS = YES;
				CLANG_WARN_DIRECT_OBJC_ISA_USAGE = YES_ERROR;
				CLANG_WARN_DOCUMENTATION_COMMENTS = YES;
				CLANG_WARN_EMPTY_BODY = YES;
				CLANG_WARN_ENUM_CONVERSION = YES;
				CLANG_WARN_INFINITE_RECURSION = YES;
				CLANG_WARN_INT_CONVERSION = YES;
				CLANG_WARN_NON_LITERAL_NULL_CONVERSION = YES;
				CLANG_WARN_OBJC_IMPLICIT_RETAIN_SELF = YES;
				CLANG_WARN_OBJC_LITERAL_CONVERSION = YES;
				CLANG_WARN_OBJC_ROOT_CLASS = YES_ERROR;
				CLANG_WARN_QUOTED_INCLUDE_IN_FRAMEWORK_HEADER = YES;
				CLANG_WARN_RANGE_LOOP_ANALYSIS = YES;
				CLANG_WARN_STRICT_PROTOTYPES = YES;
				CLANG_WARN_SUSPICIOUS_MOVE = YES;
				CLANG_WARN_UNGUARDED_AVAILABILITY = YES_AGGRESSIVE;
				CLANG_WARN_UNREACHABLE_CODE = YES;
				CLANG_WARN__DUPLICATE_METHOD_MATCH = YES;
				COPY_PHASE_STRIP = NO;
				DEBUG_INFORMATION_FORMAT = dwarf;
				ENABLE_STRICT_OBJC_MSGSEND = YES;
				ENABLE_TESTABILITY = YES;
				ENABLE_USER_SCRIPT_SANDBOXING = YES;
				GCC_C_LANGUAGE_STANDARD = gnu17;
				GCC_DYNAMIC_NO_PIC = NO;
				GCC_NO_COMMON_BLOCKS = YES;
				GCC_OPTIMIZATION_LEVEL = 0;
				GCC_PREPROCESSOR_DEFINITIONS = (
					"DEBUG=1",
					"$(inherited)",
				);
				GCC_WARN_64_TO_32_BIT_CONVERSION = YES;
				GCC_WARN_ABOUT_RETURN_TYPE = YES_ERROR;
				GCC_WARN_UNDECLARED_SELECTOR = YES;
				GCC_WARN_UNINITIALIZED_AUTOS = YES_AGGRESSIVE;
				GCC_WARN_UNUSED_FUNCTION = YES;
				GCC_WARN_UNUSED_VARIABLE = YES;
				IPHONEOS_DEPLOYMENT_TARGET = 17.5;
				LOCALIZATION_PREFERS_STRING_CATALOGS = YES;
				MTL_ENABLE_DEBUG_INFO = INCLUDE_SOURCE;
				MTL_FAST_MATH = YES;
				ONLY_ACTIVE_ARCH = YES;
				SDKROOT = iphoneos;
				SWIFT_ACTIVE_COMPILATION_CONDITIONS = "DEBUG $(inherited)";
				SWIFT_OPTIMIZATION_LEVEL = "-Onone";
			};
			name = Debug;
		};
		6DC0906D2C00509C00710726 /* Release */ = {
			isa = XCBuildConfiguration;
			buildSettings = {
				ALWAYS_SEARCH_USER_PATHS = NO;
				ASSETCATALOG_COMPILER_GENERATE_SWIFT_ASSET_SYMBOL_EXTENSIONS = YES;
				CLANG_ANALYZER_NONNULL = YES;
				CLANG_ANALYZER_NUMBER_OBJECT_CONVERSION = YES_AGGRESSIVE;
				CLANG_CXX_LANGUAGE_STANDARD = "gnu++20";
				CLANG_ENABLE_MODULES = YES;
				CLANG_ENABLE_OBJC_ARC = YES;
				CLANG_ENABLE_OBJC_WEAK = YES;
				CLANG_WARN_BLOCK_CAPTURE_AUTORELEASING = YES;
				CLANG_WARN_BOOL_CONVERSION = YES;
				CLANG_WARN_COMMA = YES;
				CLANG_WARN_CONSTANT_CONVERSION = YES;
				CLANG_WARN_DEPRECATED_OBJC_IMPLEMENTATIONS = YES;
				CLANG_WARN_DIRECT_OBJC_ISA_USAGE = YES_ERROR;
				CLANG_WARN_DOCUMENTATION_COMMENTS = YES;
				CLANG_WARN_EMPTY_BODY = YES;
				CLANG_WARN_ENUM_CONVERSION = YES;
				CLANG_WARN_INFINITE_RECURSION = YES;
				CLANG_WARN_INT_CONVERSION = YES;
				CLANG_WARN_NON_LITERAL_NULL_CONVERSION = YES;
				CLANG_WARN_OBJC_IMPLICIT_RETAIN_SELF = YES;
				CLANG_WARN_OBJC_LITERAL_CONVERSION = YES;
				CLANG_WARN_OBJC_ROOT_CLASS = YES_ERROR;
				CLANG_WARN_QUOTED_INCLUDE_IN_FRAMEWORK_HEADER = YES;
				CLANG_WARN_RANGE_LOOP_ANALYSIS = YES;
				CLANG_WARN_STRICT_PROTOTYPES = YES;
				CLANG_WARN_SUSPICIOUS_MOVE = YES;
				CLANG_WARN_UNGUARDED_AVAILABILITY = YES_AGGRESSIVE;
				CLANG_WARN_UNREACHABLE_CODE = YES;
				CLANG_WARN__DUPLICATE_METHOD_MATCH = YES;
				COPY_PHASE_STRIP = NO;
				DEBUG_INFORMATION_FORMAT = "dwarf-with-dsym";
				ENABLE_NS_ASSERTIONS = NO;
				ENABLE_STRICT_OBJC_MSGSEND = YES;
				ENABLE_USER_SCRIPT_SANDBOXING = YES;
				GCC_C_LANGUAGE_STANDARD = gnu17;
				GCC_NO_COMMON_BLOCKS = YES;
				GCC_WARN_64_TO_32_BIT_CONVERSION = YES;
				GCC_WARN_ABOUT_RETURN_TYPE = YES_ERROR;
				GCC_WARN_UNDECLARED_SELECTOR = YES;
				GCC_WARN_UNINITIALIZED_AUTOS = YES_AGGRESSIVE;
				GCC_WARN_UNUSED_FUNCTION = YES;
				GCC_WARN_UNUSED_VARIABLE = YES;
				IPHONEOS_DEPLOYMENT_TARGET = 17.5;
				LOCALIZATION_PREFERS_STRING_CATALOGS = YES;
				MTL_ENABLE_DEBUG_INFO = NO;
				MTL_FAST_MATH = YES;
				SDKROOT = iphoneos;
				SWIFT_COMPILATION_MODE = wholemodule;
				VALIDATE_PRODUCT = YES;
			};
			name = Release;
		};
		6DC0906F2C00509C00710726 /* Debug */ = {
			isa = XCBuildConfiguration;
			buildSettings = {
				ASSETCATALOG_COMPILER_APPICON_NAME = AppIcon;
				ASSETCATALOG_COMPILER_GLOBAL_ACCENT_COLOR_NAME = AccentColor;
				CODE_SIGN_STYLE = Automatic;
				CURRENT_PROJECT_VERSION = 1;
				DEVELOPMENT_ASSET_PATHS = "\"LZSwiftUIStudy/Preview Content\"";
				ENABLE_PREVIEWS = YES;
				GENERATE_INFOPLIST_FILE = YES;
				INFOPLIST_KEY_UIApplicationSceneManifest_Generation = YES;
				INFOPLIST_KEY_UIApplicationSupportsIndirectInputEvents = YES;
				INFOPLIST_KEY_UILaunchScreen_Generation = YES;
				INFOPLIST_KEY_UISupportedInterfaceOrientations_iPad = "UIInterfaceOrientationPortrait UIInterfaceOrientationPortraitUpsideDown UIInterfaceOrientationLandscapeLeft UIInterfaceOrientationLandscapeRight";
				INFOPLIST_KEY_UISupportedInterfaceOrientations_iPhone = "UIInterfaceOrientationPortrait UIInterfaceOrientationLandscapeLeft UIInterfaceOrientationLandscapeRight";
				IPHONEOS_DEPLOYMENT_TARGET = 15.0;
				LD_RUNPATH_SEARCH_PATHS = (
					"$(inherited)",
					"@executable_path/Frameworks",
				);
				MARKETING_VERSION = 1.0;
				PRODUCT_BUNDLE_IDENTIFIER = com.lizhi.LZSwiftUIStudy;
				PRODUCT_NAME = "$(TARGET_NAME)";
				SWIFT_EMIT_LOC_STRINGS = YES;
				SWIFT_VERSION = 5.0;
				TARGETED_DEVICE_FAMILY = "1,2";
			};
			name = Debug;
		};
		6DC090702C00509C00710726 /* Release */ = {
			isa = XCBuildConfiguration;
			buildSettings = {
				ASSETCATALOG_COMPILER_APPICON_NAME = AppIcon;
				ASSETCATALOG_COMPILER_GLOBAL_ACCENT_COLOR_NAME = AccentColor;
				CODE_SIGN_STYLE = Automatic;
				CURRENT_PROJECT_VERSION = 1;
				DEVELOPMENT_ASSET_PATHS = "\"LZSwiftUIStudy/Preview Content\"";
				ENABLE_PREVIEWS = YES;
				GENERATE_INFOPLIST_FILE = YES;
				INFOPLIST_KEY_UIApplicationSceneManifest_Generation = YES;
				INFOPLIST_KEY_UIApplicationSupportsIndirectInputEvents = YES;
				INFOPLIST_KEY_UILaunchScreen_Generation = YES;
				INFOPLIST_KEY_UISupportedInterfaceOrientations_iPad = "UIInterfaceOrientationPortrait UIInterfaceOrientationPortraitUpsideDown UIInterfaceOrientationLandscapeLeft UIInterfaceOrientationLandscapeRight";
				INFOPLIST_KEY_UISupportedInterfaceOrientations_iPhone = "UIInterfaceOrientationPortrait UIInterfaceOrientationLandscapeLeft UIInterfaceOrientationLandscapeRight";
				IPHONEOS_DEPLOYMENT_TARGET = 15.0;
				LD_RUNPATH_SEARCH_PATHS = (
					"$(inherited)",
					"@executable_path/Frameworks",
				);
				MARKETING_VERSION = 1.0;
				PRODUCT_BUNDLE_IDENTIFIER = com.lizhi.LZSwiftUIStudy;
				PRODUCT_NAME = "$(TARGET_NAME)";
				SWIFT_EMIT_LOC_STRINGS = YES;
				SWIFT_VERSION = 5.0;
				TARGETED_DEVICE_FAMILY = "1,2";
			};
			name = Release;
		};
		6DC090722C00509C00710726 /* Debug */ = {
			isa = XCBuildConfiguration;
			buildSettings = {
				ALWAYS_EMBED_SWIFT_STANDARD_LIBRARIES = YES;
				BUNDLE_LOADER = "$(TEST_HOST)";
				CODE_SIGN_STYLE = Automatic;
				CURRENT_PROJECT_VERSION = 1;
				GENERATE_INFOPLIST_FILE = YES;
				IPHONEOS_DEPLOYMENT_TARGET = 17.5;
				MARKETING_VERSION = 1.0;
				PRODUCT_BUNDLE_IDENTIFIER = com.lizhi.LZSwiftUIStudyTests;
				PRODUCT_NAME = "$(TARGET_NAME)";
				SWIFT_EMIT_LOC_STRINGS = NO;
				SWIFT_VERSION = 5.0;
				TARGETED_DEVICE_FAMILY = "1,2";
				TEST_HOST = "$(BUILT_PRODUCTS_DIR)/LZSwiftUIStudy.app/$(BUNDLE_EXECUTABLE_FOLDER_PATH)/LZSwiftUIStudy";
			};
			name = Debug;
		};
		6DC090732C00509C00710726 /* Release */ = {
			isa = XCBuildConfiguration;
			buildSettings = {
				ALWAYS_EMBED_SWIFT_STANDARD_LIBRARIES = YES;
				BUNDLE_LOADER = "$(TEST_HOST)";
				CODE_SIGN_STYLE = Automatic;
				CURRENT_PROJECT_VERSION = 1;
				GENERATE_INFOPLIST_FILE = YES;
				IPHONEOS_DEPLOYMENT_TARGET = 17.5;
				MARKETING_VERSION = 1.0;
				PRODUCT_BUNDLE_IDENTIFIER = com.lizhi.LZSwiftUIStudyTests;
				PRODUCT_NAME = "$(TARGET_NAME)";
				SWIFT_EMIT_LOC_STRINGS = NO;
				SWIFT_VERSION = 5.0;
				TARGETED_DEVICE_FAMILY = "1,2";
				TEST_HOST = "$(BUILT_PRODUCTS_DIR)/LZSwiftUIStudy.app/$(BUNDLE_EXECUTABLE_FOLDER_PATH)/LZSwiftUIStudy";
			};
			name = Release;
		};
		6DC090752C00509C00710726 /* Debug */ = {
			isa = XCBuildConfiguration;
			buildSettings = {
				ALWAYS_EMBED_SWIFT_STANDARD_LIBRARIES = YES;
				CODE_SIGN_STYLE = Automatic;
				CURRENT_PROJECT_VERSION = 1;
				GENERATE_INFOPLIST_FILE = YES;
				MARKETING_VERSION = 1.0;
				PRODUCT_BUNDLE_IDENTIFIER = com.lizhi.LZSwiftUIStudyUITests;
				PRODUCT_NAME = "$(TARGET_NAME)";
				SWIFT_EMIT_LOC_STRINGS = NO;
				SWIFT_VERSION = 5.0;
				TARGETED_DEVICE_FAMILY = "1,2";
				TEST_TARGET_NAME = LZSwiftUIStudy;
			};
			name = Debug;
		};
		6DC090762C00509C00710726 /* Release */ = {
			isa = XCBuildConfiguration;
			buildSettings = {
				ALWAYS_EMBED_SWIFT_STANDARD_LIBRARIES = YES;
				CODE_SIGN_STYLE = Automatic;
				CURRENT_PROJECT_VERSION = 1;
				GENERATE_INFOPLIST_FILE = YES;
				MARKETING_VERSION = 1.0;
				PRODUCT_BUNDLE_IDENTIFIER = com.lizhi.LZSwiftUIStudyUITests;
				PRODUCT_NAME = "$(TARGET_NAME)";
				SWIFT_EMIT_LOC_STRINGS = NO;
				SWIFT_VERSION = 5.0;
				TARGETED_DEVICE_FAMILY = "1,2";
				TEST_TARGET_NAME = LZSwiftUIStudy;
			};
			name = Release;
		};
/* End XCBuildConfiguration section */

/* Begin XCConfigurationList section */
		6DC090452C00509900710726 /* Build configuration list for PBXProject "LZSwiftUIStudy" */ = {
			isa = XCConfigurationList;
			buildConfigurations = (
				6DC0906C2C00509C00710726 /* Debug */,
				6DC0906D2C00509C00710726 /* Release */,
			);
			defaultConfigurationIsVisible = 0;
			defaultConfigurationName = Release;
		};
		6DC0906E2C00509C00710726 /* Build configuration list for PBXNativeTarget "LZSwiftUIStudy" */ = {
			isa = XCConfigurationList;
			buildConfigurations = (
				6DC0906F2C00509C00710726 /* Debug */,
				6DC090702C00509C00710726 /* Release */,
			);
			defaultConfigurationIsVisible = 0;
			defaultConfigurationName = Release;
		};
		6DC090712C00509C00710726 /* Build configuration list for PBXNativeTarget "LZSwiftUIStudyTests" */ = {
			isa = XCConfigurationList;
			buildConfigurations = (
				6DC090722C00509C00710726 /* Debug */,
				6DC090732C00509C00710726 /* Release */,
			);
			defaultConfigurationIsVisible = 0;
			defaultConfigurationName = Release;
		};
		6DC090742C00509C00710726 /* Build configuration list for PBXNativeTarget "LZSwiftUIStudyUITests" */ = {
			isa = XCConfigurationList;
			buildConfigurations = (
				6DC090752C00509C00710726 /* Debug */,
				6DC090762C00509C00710726 /* Release */,
			);
			defaultConfigurationIsVisible = 0;
			defaultConfigurationName = Release;
		};
/* End XCConfigurationList section */
	};
	rootObject = 6DC090422C00509900710726 /* Project object */;
}
